// !$*UTF8*$!
{
	archiveVersion = 1;
	classes = {
	};
	objectVersion = 46;
	objects = {

/* Begin PBXBuildFile section */
		4517F11E1AA6E9AD00D68F3E /* GMStringsViewController.m in Sources */ = {isa = PBXBuildFile; fileRef = 4517F11C1AA6E9AD00D68F3E /* GMStringsViewController.m */; };
		4517F11F1AA6E9AD00D68F3E /* GMStringsViewController.xib in Resources */ = {isa = PBXBuildFile; fileRef = 4517F11D1AA6E9AD00D68F3E /* GMStringsViewController.xib */; };
		4530F1671A6F7A800057DBC6 /* GMBarcodeScannerViewController.m in Sources */ = {isa = PBXBuildFile; fileRef = 4530F1651A6F7A800057DBC6 /* GMBarcodeScannerViewController.m */; };
		4530F1681A6F7A800057DBC6 /* GMBarcodeScannerViewController.xib in Resources */ = {isa = PBXBuildFile; fileRef = 4530F1661A6F7A800057DBC6 /* GMBarcodeScannerViewController.xib */; };
		4530F16C1A6F7ABF0057DBC6 /* MTBBarcodeScanner.m in Sources */ = {isa = PBXBuildFile; fileRef = 4530F16B1A6F7ABF0057DBC6 /* MTBBarcodeScanner.m */; };
		4530F1711A6F8A670057DBC6 /* RMUniversalAlert.m in Sources */ = {isa = PBXBuildFile; fileRef = 4530F1701A6F8A670057DBC6 /* RMUniversalAlert.m */; };
		4530F1751A6F8AD20057DBC6 /* UIAlertView+Blocks.m in Sources */ = {isa = PBXBuildFile; fileRef = 4530F1741A6F8AD20057DBC6 /* UIAlertView+Blocks.m */; };
		4530F1791A6F8AF90057DBC6 /* UIActionSheet+Blocks.m in Sources */ = {isa = PBXBuildFile; fileRef = 4530F1781A6F8AF90057DBC6 /* UIActionSheet+Blocks.m */; };
		4530F17D1A6F8B150057DBC6 /* UIAlertController+Blocks.m in Sources */ = {isa = PBXBuildFile; fileRef = 4530F17C1A6F8B150057DBC6 /* UIAlertController+Blocks.m */; };
		4530F1801A6F8B720057DBC6 /* RMPopoverPresentationController.m in Sources */ = {isa = PBXBuildFile; fileRef = 4530F17F1A6F8B720057DBC6 /* RMPopoverPresentationController.m */; };
		4538A3811A839C6D00CB7FE8 /* LaunchScreen.xib in Resources */ = {isa = PBXBuildFile; fileRef = 4538A3801A839C6D00CB7FE8 /* LaunchScreen.xib */; };
		459A414B198F5B7000644F86 /* CoreTelephony.framework in Frameworks */ = {isa = PBXBuildFile; fileRef = 459A414A198F5B7000644F86 /* CoreTelephony.framework */; };
		45C96BFF1A89D8E0000CD4A7 /* GMCrasherViewController.m in Sources */ = {isa = PBXBuildFile; fileRef = 45C96BFE1A89D8E0000CD4A7 /* GMCrasherViewController.m */; };
		45C96C011A89D8F1000CD4A7 /* GMCrasherViewController.xib in Resources */ = {isa = PBXBuildFile; fileRef = 45C96C001A89D8F1000CD4A7 /* GMCrasherViewController.xib */; };
		45C96C041A89D9F1000CD4A7 /* CrashReporter.framework in Frameworks */ = {isa = PBXBuildFile; fileRef = 45C96C031A89D9F1000CD4A7 /* CrashReporter.framework */; };
		45C96C121A89E70D000CD4A7 /* SuperLogger.bundle in Resources */ = {isa = PBXBuildFile; fileRef = 45C96C071A89E70D000CD4A7 /* SuperLogger.bundle */; };
		45C96C131A89E70D000CD4A7 /* SLLocalizable.strings in Resources */ = {isa = PBXBuildFile; fileRef = 45C96C081A89E70D000CD4A7 /* SLLocalizable.strings */; };
		45C96C141A89E70D000CD4A7 /* SuperLogerListView.m in Sources */ = {isa = PBXBuildFile; fileRef = 45C96C0B1A89E70D000CD4A7 /* SuperLogerListView.m */; };
		45C96C151A89E70D000CD4A7 /* SuperLogger.m in Sources */ = {isa = PBXBuildFile; fileRef = 45C96C0D1A89E70D000CD4A7 /* SuperLogger.m */; };
		45C96C161A89E70D000CD4A7 /* SuperLoggerFunctions.m in Sources */ = {isa = PBXBuildFile; fileRef = 45C96C0F1A89E70D000CD4A7 /* SuperLoggerFunctions.m */; };
		45C96C171A89E70D000CD4A7 /* SuperLoggerPreviewView.m in Sources */ = {isa = PBXBuildFile; fileRef = 45C96C111A89E70D000CD4A7 /* SuperLoggerPreviewView.m */; };
		45C96C191A89E8A0000CD4A7 /* MessageUI.framework in Frameworks */ = {isa = PBXBuildFile; fileRef = 45C96C181A89E8A0000CD4A7 /* MessageUI.framework */; };
		45C96C1B1A89EDCE000CD4A7 /* CrashReporter-Readme.txt in Resources */ = {isa = PBXBuildFile; fileRef = 45C96C1A1A89EDCE000CD4A7 /* CrashReporter-Readme.txt */; };
		45D866E61A2DC3A0003345DA /* GMAppDelegate.m in Sources */ = {isa = PBXBuildFile; fileRef = 45D866AE1A2DC3A0003345DA /* GMAppDelegate.m */; };
		45D866E71A2DC3A0003345DA /* GMViewController.m in Sources */ = {isa = PBXBuildFile; fileRef = 45D866B11A2DC3A0003345DA /* GMViewController.m */; };
		45D866E81A2DC3A0003345DA /* GMViewController.xib in Resources */ = {isa = PBXBuildFile; fileRef = 45D866B21A2DC3A0003345DA /* GMViewController.xib */; };
		45D866E91A2DC3A0003345DA /* AFHTTPRequestOperation.m in Sources */ = {isa = PBXBuildFile; fileRef = 45D866B61A2DC3A0003345DA /* AFHTTPRequestOperation.m */; };
		45D866EA1A2DC3A0003345DA /* AFHTTPRequestOperationManager.m in Sources */ = {isa = PBXBuildFile; fileRef = 45D866B81A2DC3A0003345DA /* AFHTTPRequestOperationManager.m */; };
		45D866EB1A2DC3A0003345DA /* AFHTTPSessionManager.m in Sources */ = {isa = PBXBuildFile; fileRef = 45D866BA1A2DC3A0003345DA /* AFHTTPSessionManager.m */; };
		45D866EC1A2DC3A0003345DA /* AFNetworkReachabilityManager.m in Sources */ = {isa = PBXBuildFile; fileRef = 45D866BD1A2DC3A0003345DA /* AFNetworkReachabilityManager.m */; };
		45D866ED1A2DC3A0003345DA /* AFSecurityPolicy.m in Sources */ = {isa = PBXBuildFile; fileRef = 45D866BF1A2DC3A0003345DA /* AFSecurityPolicy.m */; };
		45D866EE1A2DC3A0003345DA /* AFURLConnectionOperation.m in Sources */ = {isa = PBXBuildFile; fileRef = 45D866C11A2DC3A0003345DA /* AFURLConnectionOperation.m */; };
		45D866EF1A2DC3A0003345DA /* AFURLRequestSerialization.m in Sources */ = {isa = PBXBuildFile; fileRef = 45D866C31A2DC3A0003345DA /* AFURLRequestSerialization.m */; };
		45D866F01A2DC3A0003345DA /* AFURLResponseSerialization.m in Sources */ = {isa = PBXBuildFile; fileRef = 45D866C51A2DC3A0003345DA /* AFURLResponseSerialization.m */; };
		45D866F11A2DC3A0003345DA /* AFURLSessionManager.m in Sources */ = {isa = PBXBuildFile; fileRef = 45D866C71A2DC3A0003345DA /* AFURLSessionManager.m */; };
		45D866F21A2DC3A0003345DA /* Reachability.m in Sources */ = {isa = PBXBuildFile; fileRef = 45D866CA1A2DC3A0003345DA /* Reachability.m */; };
		45D866F31A2DC3A0003345DA /* AFNetworkActivityIndicatorManager.m in Sources */ = {isa = PBXBuildFile; fileRef = 45D866CD1A2DC3A0003345DA /* AFNetworkActivityIndicatorManager.m */; };
		45D866F41A2DC3A0003345DA /* UIActivityIndicatorView+AFNetworking.m in Sources */ = {isa = PBXBuildFile; fileRef = 45D866CF1A2DC3A0003345DA /* UIActivityIndicatorView+AFNetworking.m */; };
		45D866F51A2DC3A0003345DA /* UIAlertView+AFNetworking.m in Sources */ = {isa = PBXBuildFile; fileRef = 45D866D11A2DC3A0003345DA /* UIAlertView+AFNetworking.m */; };
		45D866F61A2DC3A0003345DA /* UIButton+AFNetworking.m in Sources */ = {isa = PBXBuildFile; fileRef = 45D866D31A2DC3A0003345DA /* UIButton+AFNetworking.m */; };
		45D866F71A2DC3A0003345DA /* UIImageView+AFNetworking.m in Sources */ = {isa = PBXBuildFile; fileRef = 45D866D51A2DC3A0003345DA /* UIImageView+AFNetworking.m */; };
		45D866F81A2DC3A0003345DA /* UIProgressView+AFNetworking.m in Sources */ = {isa = PBXBuildFile; fileRef = 45D866D81A2DC3A0003345DA /* UIProgressView+AFNetworking.m */; };
		45D866F91A2DC3A0003345DA /* UIRefreshControl+AFNetworking.m in Sources */ = {isa = PBXBuildFile; fileRef = 45D866DA1A2DC3A0003345DA /* UIRefreshControl+AFNetworking.m */; };
		45D866FA1A2DC3A0003345DA /* UIWebView+AFNetworking.m in Sources */ = {isa = PBXBuildFile; fileRef = 45D866DC1A2DC3A0003345DA /* UIWebView+AFNetworking.m */; };
		45D866FB1A2DC3A0003345DA /* Images.xcassets in Resources */ = {isa = PBXBuildFile; fileRef = 45D866DE1A2DC3A0003345DA /* Images.xcassets */; };
		45D866FC1A2DC3A0003345DA /* Sample.jpg in Resources */ = {isa = PBXBuildFile; fileRef = 45D866DF1A2DC3A0003345DA /* Sample.jpg */; };
		45D866FD1A2DC3A0003345DA /* Sample.mov in Resources */ = {isa = PBXBuildFile; fileRef = 45D866E01A2DC3A0003345DA /* Sample.mov */; };
		45D866FF1A2DC3A0003345DA /* InfoPlist.strings in Resources */ = {isa = PBXBuildFile; fileRef = 45D866E41A2DC3A0003345DA /* InfoPlist.strings */; };
		45D867001A2DC3A0003345DA /* main.m in Sources */ = {isa = PBXBuildFile; fileRef = 45D866E51A2DC3A0003345DA /* main.m */; };
		45D867041A2DCBF8003345DA /* GMMapViewController.m in Sources */ = {isa = PBXBuildFile; fileRef = 45D867021A2DCBF8003345DA /* GMMapViewController.m */; };
		45D867051A2DCBF8003345DA /* GMMapViewController.xib in Resources */ = {isa = PBXBuildFile; fileRef = 45D867031A2DCBF8003345DA /* GMMapViewController.xib */; };
		45D867091A2DD313003345DA /* GMPrintViewController.m in Sources */ = {isa = PBXBuildFile; fileRef = 45D867071A2DD313003345DA /* GMPrintViewController.m */; };
		45D8670A1A2DD313003345DA /* GMPrintViewController.xib in Resources */ = {isa = PBXBuildFile; fileRef = 45D867081A2DD313003345DA /* GMPrintViewController.xib */; };
		45D8670C1A2DD5F2003345DA /* MapKit.framework in Frameworks */ = {isa = PBXBuildFile; fileRef = 45D8670B1A2DD5F2003345DA /* MapKit.framework */; };
		45D8670E1A2DD5F7003345DA /* CoreLocation.framework in Frameworks */ = {isa = PBXBuildFile; fileRef = 45D8670D1A2DD5F7003345DA /* CoreLocation.framework */; };
		45D867121A2DD626003345DA /* GMDocumentsViewController.m in Sources */ = {isa = PBXBuildFile; fileRef = 45D867101A2DD626003345DA /* GMDocumentsViewController.m */; };
		45D867131A2DD626003345DA /* GMDocumentsViewController.xib in Resources */ = {isa = PBXBuildFile; fileRef = 45D867111A2DD626003345DA /* GMDocumentsViewController.xib */; };
		45D867261A2DD7C3003345DA /* TOWebViewControllerLocalizable.strings in Resources */ = {isa = PBXBuildFile; fileRef = 45D867151A2DD7C3003345DA /* TOWebViewControllerLocalizable.strings */; };
		45D867271A2DD7C3003345DA /* TOActivityChrome.m in Sources */ = {isa = PBXBuildFile; fileRef = 45D8671D1A2DD7C3003345DA /* TOActivityChrome.m */; };
		45D867281A2DD7C3003345DA /* TOActivitySafari.m in Sources */ = {isa = PBXBuildFile; fileRef = 45D8671F1A2DD7C3003345DA /* TOActivitySafari.m */; };
		45D867291A2DD7C3003345DA /* TOWebViewController.m in Sources */ = {isa = PBXBuildFile; fileRef = 45D867211A2DD7C3003345DA /* TOWebViewController.m */; };
		45D8672A1A2DD7C3003345DA /* UIImage+TOWebViewControllerIcons.m in Sources */ = {isa = PBXBuildFile; fileRef = 45D867231A2DD7C3003345DA /* UIImage+TOWebViewControllerIcons.m */; };
		45D8672E1A2DD896003345DA /* MBProgressHUD.m in Sources */ = {isa = PBXBuildFile; fileRef = 45D8672D1A2DD896003345DA /* MBProgressHUD.m */; };
		45D9C1751A91AF2A004A8824 /* GMCompassViewController.m in Sources */ = {isa = PBXBuildFile; fileRef = 45D9C1731A91AF2A004A8824 /* GMCompassViewController.m */; };
		45D9C1761A91AF2A004A8824 /* GMCompassViewController.xib in Resources */ = {isa = PBXBuildFile; fileRef = 45D9C1741A91AF2A004A8824 /* GMCompassViewController.xib */; };
		45D9C1791A91CA76004A8824 /* GMNavigationViewController.m in Sources */ = {isa = PBXBuildFile; fileRef = 45D9C1781A91CA76004A8824 /* GMNavigationViewController.m */; };
		45D9C17D1A91D19F004A8824 /* UIViewController+Utility.m in Sources */ = {isa = PBXBuildFile; fileRef = 45D9C17C1A91D19F004A8824 /* UIViewController+Utility.m */; };
		45D9C1961A91D767004A8824 /* CLHeading+Formatted.m in Sources */ = {isa = PBXBuildFile; fileRef = 45D9C1811A91D767004A8824 /* CLHeading+Formatted.m */; };
		45D9C1971A91D767004A8824 /* CLLocation+Bearing.m in Sources */ = {isa = PBXBuildFile; fileRef = 45D9C1831A91D767004A8824 /* CLLocation+Bearing.m */; };
		45D9C1981A91D767004A8824 /* CLLocation+DecimalDegreesConversion.m in Sources */ = {isa = PBXBuildFile; fileRef = 45D9C1851A91D767004A8824 /* CLLocation+DecimalDegreesConversion.m */; };
		45D9C1991A91D767004A8824 /* CLLocation+Degrees.m in Sources */ = {isa = PBXBuildFile; fileRef = 45D9C1871A91D767004A8824 /* CLLocation+Degrees.m */; };
		45D9C19A1A91D767004A8824 /* CLLocation+Direction.m in Sources */ = {isa = PBXBuildFile; fileRef = 45D9C1891A91D767004A8824 /* CLLocation+Direction.m */; };
		45D9C19B1A91D767004A8824 /* CLLocation+Distance.m in Sources */ = {isa = PBXBuildFile; fileRef = 45D9C18B1A91D767004A8824 /* CLLocation+Distance.m */; };
		45D9C19C1A91D767004A8824 /* CLLocation+EXIFGPS.m in Sources */ = {isa = PBXBuildFile; fileRef = 45D9C18D1A91D767004A8824 /* CLLocation+EXIFGPS.m */; };
		45D9C19D1A91D767004A8824 /* CLLocation+UserInfo.m in Sources */ = {isa = PBXBuildFile; fileRef = 45D9C18F1A91D767004A8824 /* CLLocation+UserInfo.m */; };
		45D9C19E1A91D767004A8824 /* CLPlacemark+UserInfo.m in Sources */ = {isa = PBXBuildFile; fileRef = 45D9C1911A91D767004A8824 /* CLPlacemark+UserInfo.m */; };
		45D9C1A01A91D767004A8824 /* LLLocationManager.m in Sources */ = {isa = PBXBuildFile; fileRef = 45D9C1951A91D767004A8824 /* LLLocationManager.m */; };
		45DA459A1A9AF30F00A88B26 /* GMEventsViewController.m in Sources */ = {isa = PBXBuildFile; fileRef = 45DA45981A9AF30F00A88B26 /* GMEventsViewController.m */; };
		45DA459B1A9AF30F00A88B26 /* GMEventsViewController.xib in Resources */ = {isa = PBXBuildFile; fileRef = 45DA45991A9AF30F00A88B26 /* GMEventsViewController.xib */; };
		45DA459E1A9AF32E00A88B26 /* GMEventsManager.m in Sources */ = {isa = PBXBuildFile; fileRef = 45DA459D1A9AF32E00A88B26 /* GMEventsManager.m */; };
		45E37B211A775F16009D470E /* BNRXIBCell.m in Sources */ = {isa = PBXBuildFile; fileRef = 45E37B201A775F16009D470E /* BNRXIBCell.m */; };
		45E37B251A775F4B009D470E /* GMCollectionViewCell.m in Sources */ = {isa = PBXBuildFile; fileRef = 45E37B241A775F4B009D470E /* GMCollectionViewCell.m */; };
		45F2405F1AA82E8E00489F10 /* GMSimpleVibrancyEffectViewController.m in Sources */ = {isa = PBXBuildFile; fileRef = 45F2405E1AA82E8E00489F10 /* GMSimpleVibrancyEffectViewController.m */; };
		45F2406E1AA837D400489F10 /* kapa_list_large.jpg in Resources */ = {isa = PBXBuildFile; fileRef = 45F2406C1AA837D400489F10 /* kapa_list_large.jpg */; };
		45F2406F1AA837D400489F10 /* honma_list_large.jpg in Resources */ = {isa = PBXBuildFile; fileRef = 45F2406D1AA837D400489F10 /* honma_list_large.jpg */; };
		45F24AB21AA6C24A0098AC18 /* GMVisualEffectsViewController.m in Sources */ = {isa = PBXBuildFile; fileRef = 45F24AB11AA6C24A0098AC18 /* GMVisualEffectsViewController.m */; };
		45F24AB41AA6C2600098AC18 /* GMVisualEffectsStoryboard.storyboard in Resources */ = {isa = PBXBuildFile; fileRef = 45F24AB31AA6C2600098AC18 /* GMVisualEffectsStoryboard.storyboard */; };
		45F24ABA1AA6CE850098AC18 /* GMDismissSegue.m in Sources */ = {isa = PBXBuildFile; fileRef = 45F24AB91AA6CE850098AC18 /* GMDismissSegue.m */; };
		45F24ABD1AA6D10A0098AC18 /* GMSimpleVisualEffectViewController.m in Sources */ = {isa = PBXBuildFile; fileRef = 45F24ABC1AA6D10A0098AC18 /* GMSimpleVisualEffectViewController.m */; };
		45FD1397198A08E700C5EA8C /* Foundation.framework in Frameworks */ = {isa = PBXBuildFile; fileRef = 45FD1396198A08E700C5EA8C /* Foundation.framework */; };
		45FD1399198A08E700C5EA8C /* CoreGraphics.framework in Frameworks */ = {isa = PBXBuildFile; fileRef = 45FD1398198A08E700C5EA8C /* CoreGraphics.framework */; };
		45FD139B198A08E700C5EA8C /* UIKit.framework in Frameworks */ = {isa = PBXBuildFile; fileRef = 45FD139A198A08E700C5EA8C /* UIKit.framework */; };
/* End PBXBuildFile section */

/* Begin PBXFileReference section */
		4517F11B1AA6E9AD00D68F3E /* GMStringsViewController.h */ = {isa = PBXFileReference; fileEncoding = 4; lastKnownFileType = sourcecode.c.h; path = GMStringsViewController.h; sourceTree = "<group>"; };
		4517F11C1AA6E9AD00D68F3E /* GMStringsViewController.m */ = {isa = PBXFileReference; fileEncoding = 4; lastKnownFileType = sourcecode.c.objc; path = GMStringsViewController.m; sourceTree = "<group>"; };
		4517F11D1AA6E9AD00D68F3E /* GMStringsViewController.xib */ = {isa = PBXFileReference; fileEncoding = 4; lastKnownFileType = file.xib; path = GMStringsViewController.xib; sourceTree = "<group>"; };
		4530F1641A6F7A800057DBC6 /* GMBarcodeScannerViewController.h */ = {isa = PBXFileReference; fileEncoding = 4; lastKnownFileType = sourcecode.c.h; path = GMBarcodeScannerViewController.h; sourceTree = "<group>"; };
		4530F1651A6F7A800057DBC6 /* GMBarcodeScannerViewController.m */ = {isa = PBXFileReference; fileEncoding = 4; lastKnownFileType = sourcecode.c.objc; path = GMBarcodeScannerViewController.m; sourceTree = "<group>"; };
		4530F1661A6F7A800057DBC6 /* GMBarcodeScannerViewController.xib */ = {isa = PBXFileReference; fileEncoding = 4; lastKnownFileType = file.xib; path = GMBarcodeScannerViewController.xib; sourceTree = "<group>"; };
		4530F16A1A6F7ABF0057DBC6 /* MTBBarcodeScanner.h */ = {isa = PBXFileReference; fileEncoding = 4; lastKnownFileType = sourcecode.c.h; path = MTBBarcodeScanner.h; sourceTree = "<group>"; };
		4530F16B1A6F7ABF0057DBC6 /* MTBBarcodeScanner.m */ = {isa = PBXFileReference; fileEncoding = 4; lastKnownFileType = sourcecode.c.objc; path = MTBBarcodeScanner.m; sourceTree = "<group>"; };
		4530F16D1A6F84320057DBC6 /* Read Me.txt */ = {isa = PBXFileReference; lastKnownFileType = text; path = "Read Me.txt"; sourceTree = "<group>"; };
		4530F16F1A6F8A670057DBC6 /* RMUniversalAlert.h */ = {isa = PBXFileReference; fileEncoding = 4; lastKnownFileType = sourcecode.c.h; path = RMUniversalAlert.h; sourceTree = "<group>"; };
		4530F1701A6F8A670057DBC6 /* RMUniversalAlert.m */ = {isa = PBXFileReference; fileEncoding = 4; lastKnownFileType = sourcecode.c.objc; path = RMUniversalAlert.m; sourceTree = "<group>"; };
		4530F1731A6F8AD20057DBC6 /* UIAlertView+Blocks.h */ = {isa = PBXFileReference; fileEncoding = 4; lastKnownFileType = sourcecode.c.h; path = "UIAlertView+Blocks.h"; sourceTree = "<group>"; };
		4530F1741A6F8AD20057DBC6 /* UIAlertView+Blocks.m */ = {isa = PBXFileReference; fileEncoding = 4; lastKnownFileType = sourcecode.c.objc; path = "UIAlertView+Blocks.m"; sourceTree = "<group>"; };
		4530F1771A6F8AF90057DBC6 /* UIActionSheet+Blocks.h */ = {isa = PBXFileReference; fileEncoding = 4; lastKnownFileType = sourcecode.c.h; path = "UIActionSheet+Blocks.h"; sourceTree = "<group>"; };
		4530F1781A6F8AF90057DBC6 /* UIActionSheet+Blocks.m */ = {isa = PBXFileReference; fileEncoding = 4; lastKnownFileType = sourcecode.c.objc; path = "UIActionSheet+Blocks.m"; sourceTree = "<group>"; };
		4530F17B1A6F8B150057DBC6 /* UIAlertController+Blocks.h */ = {isa = PBXFileReference; fileEncoding = 4; lastKnownFileType = sourcecode.c.h; path = "UIAlertController+Blocks.h"; sourceTree = "<group>"; };
		4530F17C1A6F8B150057DBC6 /* UIAlertController+Blocks.m */ = {isa = PBXFileReference; fileEncoding = 4; lastKnownFileType = sourcecode.c.objc; path = "UIAlertController+Blocks.m"; sourceTree = "<group>"; };
		4530F17E1A6F8B720057DBC6 /* RMPopoverPresentationController.h */ = {isa = PBXFileReference; fileEncoding = 4; lastKnownFileType = sourcecode.c.h; path = RMPopoverPresentationController.h; sourceTree = "<group>"; };
		4530F17F1A6F8B720057DBC6 /* RMPopoverPresentationController.m */ = {isa = PBXFileReference; fileEncoding = 4; lastKnownFileType = sourcecode.c.objc; path = RMPopoverPresentationController.m; sourceTree = "<group>"; };
		4538A3801A839C6D00CB7FE8 /* LaunchScreen.xib */ = {isa = PBXFileReference; fileEncoding = 4; lastKnownFileType = file.xib; path = LaunchScreen.xib; sourceTree = "<group>"; };
		459A414A198F5B7000644F86 /* CoreTelephony.framework */ = {isa = PBXFileReference; lastKnownFileType = wrapper.framework; name = CoreTelephony.framework; path = System/Library/Frameworks/CoreTelephony.framework; sourceTree = SDKROOT; };
		45C96BFD1A89D8E0000CD4A7 /* GMCrasherViewController.h */ = {isa = PBXFileReference; fileEncoding = 4; lastKnownFileType = sourcecode.c.h; path = GMCrasherViewController.h; sourceTree = "<group>"; };
		45C96BFE1A89D8E0000CD4A7 /* GMCrasherViewController.m */ = {isa = PBXFileReference; fileEncoding = 4; lastKnownFileType = sourcecode.c.objc; path = GMCrasherViewController.m; sourceTree = "<group>"; };
		45C96C001A89D8F1000CD4A7 /* GMCrasherViewController.xib */ = {isa = PBXFileReference; fileEncoding = 4; lastKnownFileType = file.xib; path = GMCrasherViewController.xib; sourceTree = "<group>"; };
		45C96C031A89D9F1000CD4A7 /* CrashReporter.framework */ = {isa = PBXFileReference; lastKnownFileType = wrapper.framework; path = CrashReporter.framework; sourceTree = "<group>"; };
		45C96C071A89E70D000CD4A7 /* SuperLogger.bundle */ = {isa = PBXFileReference; lastKnownFileType = "wrapper.plug-in"; path = SuperLogger.bundle; sourceTree = "<group>"; };
		45C96C091A89E70D000CD4A7 /* zh-CN */ = {isa = PBXFileReference; lastKnownFileType = text.plist.strings; name = "zh-CN"; path = "zh-CN.lproj/SLLocalizable.strings"; sourceTree = "<group>"; };
		45C96C0A1A89E70D000CD4A7 /* SuperLogerListView.h */ = {isa = PBXFileReference; fileEncoding = 4; lastKnownFileType = sourcecode.c.h; path = SuperLogerListView.h; sourceTree = "<group>"; };
		45C96C0B1A89E70D000CD4A7 /* SuperLogerListView.m */ = {isa = PBXFileReference; fileEncoding = 4; lastKnownFileType = sourcecode.c.objc; path = SuperLogerListView.m; sourceTree = "<group>"; };
		45C96C0C1A89E70D000CD4A7 /* SuperLogger.h */ = {isa = PBXFileReference; fileEncoding = 4; lastKnownFileType = sourcecode.c.h; path = SuperLogger.h; sourceTree = "<group>"; };
		45C96C0D1A89E70D000CD4A7 /* SuperLogger.m */ = {isa = PBXFileReference; fileEncoding = 4; lastKnownFileType = sourcecode.c.objc; path = SuperLogger.m; sourceTree = "<group>"; };
		45C96C0E1A89E70D000CD4A7 /* SuperLoggerFunctions.h */ = {isa = PBXFileReference; fileEncoding = 4; lastKnownFileType = sourcecode.c.h; path = SuperLoggerFunctions.h; sourceTree = "<group>"; };
		45C96C0F1A89E70D000CD4A7 /* SuperLoggerFunctions.m */ = {isa = PBXFileReference; fileEncoding = 4; lastKnownFileType = sourcecode.c.objc; path = SuperLoggerFunctions.m; sourceTree = "<group>"; };
		45C96C101A89E70D000CD4A7 /* SuperLoggerPreviewView.h */ = {isa = PBXFileReference; fileEncoding = 4; lastKnownFileType = sourcecode.c.h; path = SuperLoggerPreviewView.h; sourceTree = "<group>"; };
		45C96C111A89E70D000CD4A7 /* SuperLoggerPreviewView.m */ = {isa = PBXFileReference; fileEncoding = 4; lastKnownFileType = sourcecode.c.objc; path = SuperLoggerPreviewView.m; sourceTree = "<group>"; };
		45C96C181A89E8A0000CD4A7 /* MessageUI.framework */ = {isa = PBXFileReference; lastKnownFileType = wrapper.framework; name = MessageUI.framework; path = System/Library/Frameworks/MessageUI.framework; sourceTree = SDKROOT; };
		45C96C1A1A89EDCE000CD4A7 /* CrashReporter-Readme.txt */ = {isa = PBXFileReference; fileEncoding = 4; lastKnownFileType = text; path = "CrashReporter-Readme.txt"; sourceTree = "<group>"; };
		45D866AD1A2DC3A0003345DA /* GMAppDelegate.h */ = {isa = PBXFileReference; fileEncoding = 4; lastKnownFileType = sourcecode.c.h; path = GMAppDelegate.h; sourceTree = "<group>"; };
		45D866AE1A2DC3A0003345DA /* GMAppDelegate.m */ = {isa = PBXFileReference; fileEncoding = 4; lastKnownFileType = sourcecode.c.objc; path = GMAppDelegate.m; sourceTree = "<group>"; };
		45D866B01A2DC3A0003345DA /* GMViewController.h */ = {isa = PBXFileReference; fileEncoding = 4; lastKnownFileType = sourcecode.c.h; path = GMViewController.h; sourceTree = "<group>"; };
		45D866B11A2DC3A0003345DA /* GMViewController.m */ = {isa = PBXFileReference; fileEncoding = 4; lastKnownFileType = sourcecode.c.objc; path = GMViewController.m; sourceTree = "<group>"; };
		45D866B21A2DC3A0003345DA /* GMViewController.xib */ = {isa = PBXFileReference; fileEncoding = 4; lastKnownFileType = file.xib; path = GMViewController.xib; sourceTree = "<group>"; };
		45D866B51A2DC3A0003345DA /* AFHTTPRequestOperation.h */ = {isa = PBXFileReference; fileEncoding = 4; lastKnownFileType = sourcecode.c.h; path = AFHTTPRequestOperation.h; sourceTree = "<group>"; };
		45D866B61A2DC3A0003345DA /* AFHTTPRequestOperation.m */ = {isa = PBXFileReference; fileEncoding = 4; lastKnownFileType = sourcecode.c.objc; path = AFHTTPRequestOperation.m; sourceTree = "<group>"; };
		45D866B71A2DC3A0003345DA /* AFHTTPRequestOperationManager.h */ = {isa = PBXFileReference; fileEncoding = 4; lastKnownFileType = sourcecode.c.h; path = AFHTTPRequestOperationManager.h; sourceTree = "<group>"; };
		45D866B81A2DC3A0003345DA /* AFHTTPRequestOperationManager.m */ = {isa = PBXFileReference; fileEncoding = 4; lastKnownFileType = sourcecode.c.objc; path = AFHTTPRequestOperationManager.m; sourceTree = "<group>"; };
		45D866B91A2DC3A0003345DA /* AFHTTPSessionManager.h */ = {isa = PBXFileReference; fileEncoding = 4; lastKnownFileType = sourcecode.c.h; path = AFHTTPSessionManager.h; sourceTree = "<group>"; };
		45D866BA1A2DC3A0003345DA /* AFHTTPSessionManager.m */ = {isa = PBXFileReference; fileEncoding = 4; lastKnownFileType = sourcecode.c.objc; path = AFHTTPSessionManager.m; sourceTree = "<group>"; };
		45D866BB1A2DC3A0003345DA /* AFNetworking.h */ = {isa = PBXFileReference; fileEncoding = 4; lastKnownFileType = sourcecode.c.h; path = AFNetworking.h; sourceTree = "<group>"; };
		45D866BC1A2DC3A0003345DA /* AFNetworkReachabilityManager.h */ = {isa = PBXFileReference; fileEncoding = 4; lastKnownFileType = sourcecode.c.h; path = AFNetworkReachabilityManager.h; sourceTree = "<group>"; };
		45D866BD1A2DC3A0003345DA /* AFNetworkReachabilityManager.m */ = {isa = PBXFileReference; fileEncoding = 4; lastKnownFileType = sourcecode.c.objc; path = AFNetworkReachabilityManager.m; sourceTree = "<group>"; };
		45D866BE1A2DC3A0003345DA /* AFSecurityPolicy.h */ = {isa = PBXFileReference; fileEncoding = 4; lastKnownFileType = sourcecode.c.h; path = AFSecurityPolicy.h; sourceTree = "<group>"; };
		45D866BF1A2DC3A0003345DA /* AFSecurityPolicy.m */ = {isa = PBXFileReference; fileEncoding = 4; lastKnownFileType = sourcecode.c.objc; path = AFSecurityPolicy.m; sourceTree = "<group>"; };
		45D866C01A2DC3A0003345DA /* AFURLConnectionOperation.h */ = {isa = PBXFileReference; fileEncoding = 4; lastKnownFileType = sourcecode.c.h; path = AFURLConnectionOperation.h; sourceTree = "<group>"; };
		45D866C11A2DC3A0003345DA /* AFURLConnectionOperation.m */ = {isa = PBXFileReference; fileEncoding = 4; lastKnownFileType = sourcecode.c.objc; path = AFURLConnectionOperation.m; sourceTree = "<group>"; };
		45D866C21A2DC3A0003345DA /* AFURLRequestSerialization.h */ = {isa = PBXFileReference; fileEncoding = 4; lastKnownFileType = sourcecode.c.h; path = AFURLRequestSerialization.h; sourceTree = "<group>"; };
		45D866C31A2DC3A0003345DA /* AFURLRequestSerialization.m */ = {isa = PBXFileReference; fileEncoding = 4; lastKnownFileType = sourcecode.c.objc; path = AFURLRequestSerialization.m; sourceTree = "<group>"; };
		45D866C41A2DC3A0003345DA /* AFURLResponseSerialization.h */ = {isa = PBXFileReference; fileEncoding = 4; lastKnownFileType = sourcecode.c.h; path = AFURLResponseSerialization.h; sourceTree = "<group>"; };
		45D866C51A2DC3A0003345DA /* AFURLResponseSerialization.m */ = {isa = PBXFileReference; fileEncoding = 4; lastKnownFileType = sourcecode.c.objc; path = AFURLResponseSerialization.m; sourceTree = "<group>"; };
		45D866C61A2DC3A0003345DA /* AFURLSessionManager.h */ = {isa = PBXFileReference; fileEncoding = 4; lastKnownFileType = sourcecode.c.h; path = AFURLSessionManager.h; sourceTree = "<group>"; };
		45D866C71A2DC3A0003345DA /* AFURLSessionManager.m */ = {isa = PBXFileReference; fileEncoding = 4; lastKnownFileType = sourcecode.c.objc; path = AFURLSessionManager.m; sourceTree = "<group>"; };
		45D866C91A2DC3A0003345DA /* Reachability.h */ = {isa = PBXFileReference; fileEncoding = 4; lastKnownFileType = sourcecode.c.h; path = Reachability.h; sourceTree = "<group>"; };
		45D866CA1A2DC3A0003345DA /* Reachability.m */ = {isa = PBXFileReference; fileEncoding = 4; lastKnownFileType = sourcecode.c.objc; path = Reachability.m; sourceTree = "<group>"; };
		45D866CC1A2DC3A0003345DA /* AFNetworkActivityIndicatorManager.h */ = {isa = PBXFileReference; fileEncoding = 4; lastKnownFileType = sourcecode.c.h; path = AFNetworkActivityIndicatorManager.h; sourceTree = "<group>"; };
		45D866CD1A2DC3A0003345DA /* AFNetworkActivityIndicatorManager.m */ = {isa = PBXFileReference; fileEncoding = 4; lastKnownFileType = sourcecode.c.objc; path = AFNetworkActivityIndicatorManager.m; sourceTree = "<group>"; };
		45D866CE1A2DC3A0003345DA /* UIActivityIndicatorView+AFNetworking.h */ = {isa = PBXFileReference; fileEncoding = 4; lastKnownFileType = sourcecode.c.h; path = "UIActivityIndicatorView+AFNetworking.h"; sourceTree = "<group>"; };
		45D866CF1A2DC3A0003345DA /* UIActivityIndicatorView+AFNetworking.m */ = {isa = PBXFileReference; fileEncoding = 4; lastKnownFileType = sourcecode.c.objc; path = "UIActivityIndicatorView+AFNetworking.m"; sourceTree = "<group>"; };
		45D866D01A2DC3A0003345DA /* UIAlertView+AFNetworking.h */ = {isa = PBXFileReference; fileEncoding = 4; lastKnownFileType = sourcecode.c.h; path = "UIAlertView+AFNetworking.h"; sourceTree = "<group>"; };
		45D866D11A2DC3A0003345DA /* UIAlertView+AFNetworking.m */ = {isa = PBXFileReference; fileEncoding = 4; lastKnownFileType = sourcecode.c.objc; path = "UIAlertView+AFNetworking.m"; sourceTree = "<group>"; };
		45D866D21A2DC3A0003345DA /* UIButton+AFNetworking.h */ = {isa = PBXFileReference; fileEncoding = 4; lastKnownFileType = sourcecode.c.h; path = "UIButton+AFNetworking.h"; sourceTree = "<group>"; };
		45D866D31A2DC3A0003345DA /* UIButton+AFNetworking.m */ = {isa = PBXFileReference; fileEncoding = 4; lastKnownFileType = sourcecode.c.objc; path = "UIButton+AFNetworking.m"; sourceTree = "<group>"; };
		45D866D41A2DC3A0003345DA /* UIImageView+AFNetworking.h */ = {isa = PBXFileReference; fileEncoding = 4; lastKnownFileType = sourcecode.c.h; path = "UIImageView+AFNetworking.h"; sourceTree = "<group>"; };
		45D866D51A2DC3A0003345DA /* UIImageView+AFNetworking.m */ = {isa = PBXFileReference; fileEncoding = 4; lastKnownFileType = sourcecode.c.objc; path = "UIImageView+AFNetworking.m"; sourceTree = "<group>"; };
		45D866D61A2DC3A0003345DA /* UIKit+AFNetworking.h */ = {isa = PBXFileReference; fileEncoding = 4; lastKnownFileType = sourcecode.c.h; path = "UIKit+AFNetworking.h"; sourceTree = "<group>"; };
		45D866D71A2DC3A0003345DA /* UIProgressView+AFNetworking.h */ = {isa = PBXFileReference; fileEncoding = 4; lastKnownFileType = sourcecode.c.h; path = "UIProgressView+AFNetworking.h"; sourceTree = "<group>"; };
		45D866D81A2DC3A0003345DA /* UIProgressView+AFNetworking.m */ = {isa = PBXFileReference; fileEncoding = 4; lastKnownFileType = sourcecode.c.objc; path = "UIProgressView+AFNetworking.m"; sourceTree = "<group>"; };
		45D866D91A2DC3A0003345DA /* UIRefreshControl+AFNetworking.h */ = {isa = PBXFileReference; fileEncoding = 4; lastKnownFileType = sourcecode.c.h; path = "UIRefreshControl+AFNetworking.h"; sourceTree = "<group>"; };
		45D866DA1A2DC3A0003345DA /* UIRefreshControl+AFNetworking.m */ = {isa = PBXFileReference; fileEncoding = 4; lastKnownFileType = sourcecode.c.objc; path = "UIRefreshControl+AFNetworking.m"; sourceTree = "<group>"; };
		45D866DB1A2DC3A0003345DA /* UIWebView+AFNetworking.h */ = {isa = PBXFileReference; fileEncoding = 4; lastKnownFileType = sourcecode.c.h; path = "UIWebView+AFNetworking.h"; sourceTree = "<group>"; };
		45D866DC1A2DC3A0003345DA /* UIWebView+AFNetworking.m */ = {isa = PBXFileReference; fileEncoding = 4; lastKnownFileType = sourcecode.c.objc; path = "UIWebView+AFNetworking.m"; sourceTree = "<group>"; };
		45D866DE1A2DC3A0003345DA /* Images.xcassets */ = {isa = PBXFileReference; lastKnownFileType = folder.assetcatalog; path = Images.xcassets; sourceTree = "<group>"; };
		45D866DF1A2DC3A0003345DA /* Sample.jpg */ = {isa = PBXFileReference; lastKnownFileType = image.jpeg; path = Sample.jpg; sourceTree = "<group>"; };
		45D866E01A2DC3A0003345DA /* Sample.mov */ = {isa = PBXFileReference; lastKnownFileType = video.quicktime; path = Sample.mov; sourceTree = "<group>"; };
		45D866E21A2DC3A0003345DA /* GMSnippets-Info.plist */ = {isa = PBXFileReference; fileEncoding = 4; lastKnownFileType = text.plist.xml; path = "GMSnippets-Info.plist"; sourceTree = "<group>"; };
		45D866E31A2DC3A0003345DA /* GMSnippets-Prefix.pch */ = {isa = PBXFileReference; fileEncoding = 4; lastKnownFileType = sourcecode.c.h; path = "GMSnippets-Prefix.pch"; sourceTree = "<group>"; };
		45D866E41A2DC3A0003345DA /* InfoPlist.strings */ = {isa = PBXFileReference; fileEncoding = 4; lastKnownFileType = text.plist.strings; path = InfoPlist.strings; sourceTree = "<group>"; };
		45D866E51A2DC3A0003345DA /* main.m */ = {isa = PBXFileReference; fileEncoding = 4; lastKnownFileType = sourcecode.c.objc; path = main.m; sourceTree = "<group>"; };
		45D867011A2DCBF8003345DA /* GMMapViewController.h */ = {isa = PBXFileReference; fileEncoding = 4; lastKnownFileType = sourcecode.c.h; path = GMMapViewController.h; sourceTree = "<group>"; };
		45D867021A2DCBF8003345DA /* GMMapViewController.m */ = {isa = PBXFileReference; fileEncoding = 4; lastKnownFileType = sourcecode.c.objc; path = GMMapViewController.m; sourceTree = "<group>"; };
		45D867031A2DCBF8003345DA /* GMMapViewController.xib */ = {isa = PBXFileReference; fileEncoding = 4; lastKnownFileType = file.xib; path = GMMapViewController.xib; sourceTree = "<group>"; };
		45D867061A2DD313003345DA /* GMPrintViewController.h */ = {isa = PBXFileReference; fileEncoding = 4; lastKnownFileType = sourcecode.c.h; path = GMPrintViewController.h; sourceTree = "<group>"; };
		45D867071A2DD313003345DA /* GMPrintViewController.m */ = {isa = PBXFileReference; fileEncoding = 4; lastKnownFileType = sourcecode.c.objc; path = GMPrintViewController.m; sourceTree = "<group>"; };
		45D867081A2DD313003345DA /* GMPrintViewController.xib */ = {isa = PBXFileReference; fileEncoding = 4; lastKnownFileType = file.xib; path = GMPrintViewController.xib; sourceTree = "<group>"; };
		45D8670B1A2DD5F2003345DA /* MapKit.framework */ = {isa = PBXFileReference; lastKnownFileType = wrapper.framework; name = MapKit.framework; path = System/Library/Frameworks/MapKit.framework; sourceTree = SDKROOT; };
		45D8670D1A2DD5F7003345DA /* CoreLocation.framework */ = {isa = PBXFileReference; lastKnownFileType = wrapper.framework; name = CoreLocation.framework; path = System/Library/Frameworks/CoreLocation.framework; sourceTree = SDKROOT; };
		45D8670F1A2DD626003345DA /* GMDocumentsViewController.h */ = {isa = PBXFileReference; fileEncoding = 4; lastKnownFileType = sourcecode.c.h; path = GMDocumentsViewController.h; sourceTree = "<group>"; };
		45D867101A2DD626003345DA /* GMDocumentsViewController.m */ = {isa = PBXFileReference; fileEncoding = 4; lastKnownFileType = sourcecode.c.objc; path = GMDocumentsViewController.m; sourceTree = "<group>"; };
		45D867111A2DD626003345DA /* GMDocumentsViewController.xib */ = {isa = PBXFileReference; fileEncoding = 4; lastKnownFileType = file.xib; path = GMDocumentsViewController.xib; sourceTree = "<group>"; };
		45D867161A2DD7C3003345DA /* de */ = {isa = PBXFileReference; lastKnownFileType = text.plist.strings; name = de; path = de.lproj/TOWebViewControllerLocalizable.strings; sourceTree = "<group>"; };
		45D867171A2DD7C3003345DA /* en */ = {isa = PBXFileReference; lastKnownFileType = text.plist.strings; name = en; path = en.lproj/TOWebViewControllerLocalizable.strings; sourceTree = "<group>"; };
		45D867181A2DD7C3003345DA /* es */ = {isa = PBXFileReference; lastKnownFileType = text.plist.strings; name = es; path = es.lproj/TOWebViewControllerLocalizable.strings; sourceTree = "<group>"; };
		45D867191A2DD7C3003345DA /* ja */ = {isa = PBXFileReference; lastKnownFileType = text.plist.strings; name = ja; path = ja.lproj/TOWebViewControllerLocalizable.strings; sourceTree = "<group>"; };
		45D8671A1A2DD7C3003345DA /* ko */ = {isa = PBXFileReference; lastKnownFileType = text.plist.strings; name = ko; path = ko.lproj/TOWebViewControllerLocalizable.strings; sourceTree = "<group>"; };
		45D8671B1A2DD7C3003345DA /* pl */ = {isa = PBXFileReference; lastKnownFileType = text.plist.strings; name = pl; path = pl.lproj/TOWebViewControllerLocalizable.strings; sourceTree = "<group>"; };
		45D8671C1A2DD7C3003345DA /* TOActivityChrome.h */ = {isa = PBXFileReference; fileEncoding = 4; lastKnownFileType = sourcecode.c.h; path = TOActivityChrome.h; sourceTree = "<group>"; };
		45D8671D1A2DD7C3003345DA /* TOActivityChrome.m */ = {isa = PBXFileReference; fileEncoding = 4; lastKnownFileType = sourcecode.c.objc; path = TOActivityChrome.m; sourceTree = "<group>"; };
		45D8671E1A2DD7C3003345DA /* TOActivitySafari.h */ = {isa = PBXFileReference; fileEncoding = 4; lastKnownFileType = sourcecode.c.h; path = TOActivitySafari.h; sourceTree = "<group>"; };
		45D8671F1A2DD7C3003345DA /* TOActivitySafari.m */ = {isa = PBXFileReference; fileEncoding = 4; lastKnownFileType = sourcecode.c.objc; path = TOActivitySafari.m; sourceTree = "<group>"; };
		45D867201A2DD7C3003345DA /* TOWebViewController.h */ = {isa = PBXFileReference; fileEncoding = 4; lastKnownFileType = sourcecode.c.h; path = TOWebViewController.h; sourceTree = "<group>"; };
		45D867211A2DD7C3003345DA /* TOWebViewController.m */ = {isa = PBXFileReference; fileEncoding = 4; lastKnownFileType = sourcecode.c.objc; path = TOWebViewController.m; sourceTree = "<group>"; };
		45D867221A2DD7C3003345DA /* UIImage+TOWebViewControllerIcons.h */ = {isa = PBXFileReference; fileEncoding = 4; lastKnownFileType = sourcecode.c.h; path = "UIImage+TOWebViewControllerIcons.h"; sourceTree = "<group>"; };
		45D867231A2DD7C3003345DA /* UIImage+TOWebViewControllerIcons.m */ = {isa = PBXFileReference; fileEncoding = 4; lastKnownFileType = sourcecode.c.objc; path = "UIImage+TOWebViewControllerIcons.m"; sourceTree = "<group>"; };
		45D867241A2DD7C3003345DA /* zh-Hans */ = {isa = PBXFileReference; lastKnownFileType = text.plist.strings; name = "zh-Hans"; path = "zh-Hans.lproj/TOWebViewControllerLocalizable.strings"; sourceTree = "<group>"; };
		45D867251A2DD7C3003345DA /* zh-Hant */ = {isa = PBXFileReference; lastKnownFileType = text.plist.strings; name = "zh-Hant"; path = "zh-Hant.lproj/TOWebViewControllerLocalizable.strings"; sourceTree = "<group>"; };
		45D8672C1A2DD896003345DA /* MBProgressHUD.h */ = {isa = PBXFileReference; fileEncoding = 4; lastKnownFileType = sourcecode.c.h; path = MBProgressHUD.h; sourceTree = "<group>"; };
		45D8672D1A2DD896003345DA /* MBProgressHUD.m */ = {isa = PBXFileReference; fileEncoding = 4; lastKnownFileType = sourcecode.c.objc; path = MBProgressHUD.m; sourceTree = "<group>"; };
		45D9C1721A91AF2A004A8824 /* GMCompassViewController.h */ = {isa = PBXFileReference; fileEncoding = 4; lastKnownFileType = sourcecode.c.h; path = GMCompassViewController.h; sourceTree = "<group>"; };
		45D9C1731A91AF2A004A8824 /* GMCompassViewController.m */ = {isa = PBXFileReference; fileEncoding = 4; lastKnownFileType = sourcecode.c.objc; path = GMCompassViewController.m; sourceTree = "<group>"; };
		45D9C1741A91AF2A004A8824 /* GMCompassViewController.xib */ = {isa = PBXFileReference; fileEncoding = 4; lastKnownFileType = file.xib; path = GMCompassViewController.xib; sourceTree = "<group>"; };
		45D9C1771A91CA76004A8824 /* GMNavigationViewController.h */ = {isa = PBXFileReference; fileEncoding = 4; lastKnownFileType = sourcecode.c.h; path = GMNavigationViewController.h; sourceTree = "<group>"; };
		45D9C1781A91CA76004A8824 /* GMNavigationViewController.m */ = {isa = PBXFileReference; fileEncoding = 4; lastKnownFileType = sourcecode.c.objc; path = GMNavigationViewController.m; sourceTree = "<group>"; };
		45D9C17B1A91D19F004A8824 /* UIViewController+Utility.h */ = {isa = PBXFileReference; fileEncoding = 4; lastKnownFileType = sourcecode.c.h; path = "UIViewController+Utility.h"; sourceTree = "<group>"; };
		45D9C17C1A91D19F004A8824 /* UIViewController+Utility.m */ = {isa = PBXFileReference; fileEncoding = 4; lastKnownFileType = sourcecode.c.objc; path = "UIViewController+Utility.m"; sourceTree = "<group>"; };
		45D9C17F1A91D767004A8824 /* CLDegreesAndRadians.h */ = {isa = PBXFileReference; fileEncoding = 4; lastKnownFileType = sourcecode.c.h; path = CLDegreesAndRadians.h; sourceTree = "<group>"; };
		45D9C1801A91D767004A8824 /* CLHeading+Formatted.h */ = {isa = PBXFileReference; fileEncoding = 4; lastKnownFileType = sourcecode.c.h; path = "CLHeading+Formatted.h"; sourceTree = "<group>"; };
		45D9C1811A91D767004A8824 /* CLHeading+Formatted.m */ = {isa = PBXFileReference; fileEncoding = 4; lastKnownFileType = sourcecode.c.objc; path = "CLHeading+Formatted.m"; sourceTree = "<group>"; };
		45D9C1821A91D767004A8824 /* CLLocation+Bearing.h */ = {isa = PBXFileReference; fileEncoding = 4; lastKnownFileType = sourcecode.c.h; path = "CLLocation+Bearing.h"; sourceTree = "<group>"; };
		45D9C1831A91D767004A8824 /* CLLocation+Bearing.m */ = {isa = PBXFileReference; fileEncoding = 4; lastKnownFileType = sourcecode.c.objc; path = "CLLocation+Bearing.m"; sourceTree = "<group>"; };
		45D9C1841A91D767004A8824 /* CLLocation+DecimalDegreesConversion.h */ = {isa = PBXFileReference; fileEncoding = 4; lastKnownFileType = sourcecode.c.h; path = "CLLocation+DecimalDegreesConversion.h"; sourceTree = "<group>"; };
		45D9C1851A91D767004A8824 /* CLLocation+DecimalDegreesConversion.m */ = {isa = PBXFileReference; fileEncoding = 4; lastKnownFileType = sourcecode.c.objc; path = "CLLocation+DecimalDegreesConversion.m"; sourceTree = "<group>"; };
		45D9C1861A91D767004A8824 /* CLLocation+Degrees.h */ = {isa = PBXFileReference; fileEncoding = 4; lastKnownFileType = sourcecode.c.h; path = "CLLocation+Degrees.h"; sourceTree = "<group>"; };
		45D9C1871A91D767004A8824 /* CLLocation+Degrees.m */ = {isa = PBXFileReference; fileEncoding = 4; lastKnownFileType = sourcecode.c.objc; path = "CLLocation+Degrees.m"; sourceTree = "<group>"; };
		45D9C1881A91D767004A8824 /* CLLocation+Direction.h */ = {isa = PBXFileReference; fileEncoding = 4; lastKnownFileType = sourcecode.c.h; path = "CLLocation+Direction.h"; sourceTree = "<group>"; };
		45D9C1891A91D767004A8824 /* CLLocation+Direction.m */ = {isa = PBXFileReference; fileEncoding = 4; lastKnownFileType = sourcecode.c.objc; path = "CLLocation+Direction.m"; sourceTree = "<group>"; };
		45D9C18A1A91D767004A8824 /* CLLocation+Distance.h */ = {isa = PBXFileReference; fileEncoding = 4; lastKnownFileType = sourcecode.c.h; path = "CLLocation+Distance.h"; sourceTree = "<group>"; };
		45D9C18B1A91D767004A8824 /* CLLocation+Distance.m */ = {isa = PBXFileReference; fileEncoding = 4; lastKnownFileType = sourcecode.c.objc; path = "CLLocation+Distance.m"; sourceTree = "<group>"; };
		45D9C18C1A91D767004A8824 /* CLLocation+EXIFGPS.h */ = {isa = PBXFileReference; fileEncoding = 4; lastKnownFileType = sourcecode.c.h; path = "CLLocation+EXIFGPS.h"; sourceTree = "<group>"; };
		45D9C18D1A91D767004A8824 /* CLLocation+EXIFGPS.m */ = {isa = PBXFileReference; fileEncoding = 4; lastKnownFileType = sourcecode.c.objc; path = "CLLocation+EXIFGPS.m"; sourceTree = "<group>"; };
		45D9C18E1A91D767004A8824 /* CLLocation+UserInfo.h */ = {isa = PBXFileReference; fileEncoding = 4; lastKnownFileType = sourcecode.c.h; path = "CLLocation+UserInfo.h"; sourceTree = "<group>"; };
		45D9C18F1A91D767004A8824 /* CLLocation+UserInfo.m */ = {isa = PBXFileReference; fileEncoding = 4; lastKnownFileType = sourcecode.c.objc; path = "CLLocation+UserInfo.m"; sourceTree = "<group>"; };
		45D9C1901A91D767004A8824 /* CLPlacemark+UserInfo.h */ = {isa = PBXFileReference; fileEncoding = 4; lastKnownFileType = sourcecode.c.h; path = "CLPlacemark+UserInfo.h"; sourceTree = "<group>"; };
		45D9C1911A91D767004A8824 /* CLPlacemark+UserInfo.m */ = {isa = PBXFileReference; fileEncoding = 4; lastKnownFileType = sourcecode.c.objc; path = "CLPlacemark+UserInfo.m"; sourceTree = "<group>"; };
		45D9C1941A91D767004A8824 /* LLLocationManager.h */ = {isa = PBXFileReference; fileEncoding = 4; lastKnownFileType = sourcecode.c.h; path = LLLocationManager.h; sourceTree = "<group>"; };
		45D9C1951A91D767004A8824 /* LLLocationManager.m */ = {isa = PBXFileReference; fileEncoding = 4; lastKnownFileType = sourcecode.c.objc; path = LLLocationManager.m; sourceTree = "<group>"; };
		45D9C1A11A91D86D004A8824 /* SenTestingKit.framework */ = {isa = PBXFileReference; lastKnownFileType = wrapper.framework; name = SenTestingKit.framework; path = Library/Frameworks/SenTestingKit.framework; sourceTree = DEVELOPER_DIR; };
		45DA45971A9AF30F00A88B26 /* GMEventsViewController.h */ = {isa = PBXFileReference; fileEncoding = 4; lastKnownFileType = sourcecode.c.h; path = GMEventsViewController.h; sourceTree = "<group>"; };
		45DA45981A9AF30F00A88B26 /* GMEventsViewController.m */ = {isa = PBXFileReference; fileEncoding = 4; lastKnownFileType = sourcecode.c.objc; path = GMEventsViewController.m; sourceTree = "<group>"; };
		45DA45991A9AF30F00A88B26 /* GMEventsViewController.xib */ = {isa = PBXFileReference; fileEncoding = 4; lastKnownFileType = file.xib; path = GMEventsViewController.xib; sourceTree = "<group>"; };
		45DA459C1A9AF32E00A88B26 /* GMEventsManager.h */ = {isa = PBXFileReference; fileEncoding = 4; lastKnownFileType = sourcecode.c.h; path = GMEventsManager.h; sourceTree = "<group>"; };
		45DA459D1A9AF32E00A88B26 /* GMEventsManager.m */ = {isa = PBXFileReference; fileEncoding = 4; lastKnownFileType = sourcecode.c.objc; path = GMEventsManager.m; sourceTree = "<group>"; };
		45E37B1F1A775F16009D470E /* BNRXIBCell.h */ = {isa = PBXFileReference; fileEncoding = 4; lastKnownFileType = sourcecode.c.h; path = BNRXIBCell.h; sourceTree = "<group>"; };
		45E37B201A775F16009D470E /* BNRXIBCell.m */ = {isa = PBXFileReference; fileEncoding = 4; lastKnownFileType = sourcecode.c.objc; path = BNRXIBCell.m; sourceTree = "<group>"; };
		45E37B231A775F4B009D470E /* GMCollectionViewCell.h */ = {isa = PBXFileReference; fileEncoding = 4; lastKnownFileType = sourcecode.c.h; path = GMCollectionViewCell.h; sourceTree = "<group>"; };
		45E37B241A775F4B009D470E /* GMCollectionViewCell.m */ = {isa = PBXFileReference; fileEncoding = 4; lastKnownFileType = sourcecode.c.objc; path = GMCollectionViewCell.m; sourceTree = "<group>"; };
		45F2405D1AA82E8E00489F10 /* GMSimpleVibrancyEffectViewController.h */ = {isa = PBXFileReference; fileEncoding = 4; lastKnownFileType = sourcecode.c.h; path = GMSimpleVibrancyEffectViewController.h; sourceTree = "<group>"; };
		45F2405E1AA82E8E00489F10 /* GMSimpleVibrancyEffectViewController.m */ = {isa = PBXFileReference; fileEncoding = 4; lastKnownFileType = sourcecode.c.objc; path = GMSimpleVibrancyEffectViewController.m; sourceTree = "<group>"; };
		45F2406C1AA837D400489F10 /* kapa_list_large.jpg */ = {isa = PBXFileReference; lastKnownFileType = image.jpeg; path = kapa_list_large.jpg; sourceTree = "<group>"; };
		45F2406D1AA837D400489F10 /* honma_list_large.jpg */ = {isa = PBXFileReference; lastKnownFileType = image.jpeg; path = honma_list_large.jpg; sourceTree = "<group>"; };
		45F24AB01AA6C24A0098AC18 /* GMVisualEffectsViewController.h */ = {isa = PBXFileReference; fileEncoding = 4; lastKnownFileType = sourcecode.c.h; path = GMVisualEffectsViewController.h; sourceTree = "<group>"; };
		45F24AB11AA6C24A0098AC18 /* GMVisualEffectsViewController.m */ = {isa = PBXFileReference; fileEncoding = 4; lastKnownFileType = sourcecode.c.objc; path = GMVisualEffectsViewController.m; sourceTree = "<group>"; };
		45F24AB31AA6C2600098AC18 /* GMVisualEffectsStoryboard.storyboard */ = {isa = PBXFileReference; fileEncoding = 4; lastKnownFileType = file.storyboard; path = GMVisualEffectsStoryboard.storyboard; sourceTree = "<group>"; };
		45F24AB81AA6CE850098AC18 /* GMDismissSegue.h */ = {isa = PBXFileReference; fileEncoding = 4; lastKnownFileType = sourcecode.c.h; path = GMDismissSegue.h; sourceTree = "<group>"; };
		45F24AB91AA6CE850098AC18 /* GMDismissSegue.m */ = {isa = PBXFileReference; fileEncoding = 4; lastKnownFileType = sourcecode.c.objc; path = GMDismissSegue.m; sourceTree = "<group>"; };
		45F24ABB1AA6D10A0098AC18 /* GMSimpleVisualEffectViewController.h */ = {isa = PBXFileReference; fileEncoding = 4; lastKnownFileType = sourcecode.c.h; path = GMSimpleVisualEffectViewController.h; sourceTree = "<group>"; };
		45F24ABC1AA6D10A0098AC18 /* GMSimpleVisualEffectViewController.m */ = {isa = PBXFileReference; fileEncoding = 4; lastKnownFileType = sourcecode.c.objc; path = GMSimpleVisualEffectViewController.m; sourceTree = "<group>"; };
		45FD1393198A08E700C5EA8C /* GMSnippets.app */ = {isa = PBXFileReference; explicitFileType = wrapper.application; includeInIndex = 0; path = GMSnippets.app; sourceTree = BUILT_PRODUCTS_DIR; };
		45FD1396198A08E700C5EA8C /* Foundation.framework */ = {isa = PBXFileReference; lastKnownFileType = wrapper.framework; name = Foundation.framework; path = System/Library/Frameworks/Foundation.framework; sourceTree = SDKROOT; };
		45FD1398198A08E700C5EA8C /* CoreGraphics.framework */ = {isa = PBXFileReference; lastKnownFileType = wrapper.framework; name = CoreGraphics.framework; path = System/Library/Frameworks/CoreGraphics.framework; sourceTree = SDKROOT; };
		45FD139A198A08E700C5EA8C /* UIKit.framework */ = {isa = PBXFileReference; lastKnownFileType = wrapper.framework; name = UIKit.framework; path = System/Library/Frameworks/UIKit.framework; sourceTree = SDKROOT; };
/* End PBXFileReference section */

/* Begin PBXFrameworksBuildPhase section */
		45FD1390198A08E700C5EA8C /* Frameworks */ = {
			isa = PBXFrameworksBuildPhase;
			buildActionMask = 2147483647;
			files = (
				45C96C191A89E8A0000CD4A7 /* MessageUI.framework in Frameworks */,
				45C96C041A89D9F1000CD4A7 /* CrashReporter.framework in Frameworks */,
				45D8670E1A2DD5F7003345DA /* CoreLocation.framework in Frameworks */,
				45D8670C1A2DD5F2003345DA /* MapKit.framework in Frameworks */,
				459A414B198F5B7000644F86 /* CoreTelephony.framework in Frameworks */,
				45FD1399198A08E700C5EA8C /* CoreGraphics.framework in Frameworks */,
				45FD139B198A08E700C5EA8C /* UIKit.framework in Frameworks */,
				45FD1397198A08E700C5EA8C /* Foundation.framework in Frameworks */,
			);
			runOnlyForDeploymentPostprocessing = 0;
		};
/* End PBXFrameworksBuildPhase section */

/* Begin PBXGroup section */
		4530F1691A6F7ABF0057DBC6 /* Scanners */ = {
			isa = PBXGroup;
			children = (
				4530F16A1A6F7ABF0057DBC6 /* MTBBarcodeScanner.h */,
				4530F16B1A6F7ABF0057DBC6 /* MTBBarcodeScanner.m */,
			);
			path = Scanners;
			sourceTree = "<group>";
		};
		4530F16E1A6F8A670057DBC6 /* RMUniversalAlert */ = {
			isa = PBXGroup;
			children = (
				4530F17A1A6F8B150057DBC6 /* UIAlertController+Blocks */,
				4530F1761A6F8AF90057DBC6 /* UIActionSheet+Blocks */,
				4530F1721A6F8AD20057DBC6 /* UIAlertView+Blocks */,
				4530F16F1A6F8A670057DBC6 /* RMUniversalAlert.h */,
				4530F1701A6F8A670057DBC6 /* RMUniversalAlert.m */,
				4530F17E1A6F8B720057DBC6 /* RMPopoverPresentationController.h */,
				4530F17F1A6F8B720057DBC6 /* RMPopoverPresentationController.m */,
			);
			path = RMUniversalAlert;
			sourceTree = "<group>";
		};
		4530F1721A6F8AD20057DBC6 /* UIAlertView+Blocks */ = {
			isa = PBXGroup;
			children = (
				4530F1731A6F8AD20057DBC6 /* UIAlertView+Blocks.h */,
				4530F1741A6F8AD20057DBC6 /* UIAlertView+Blocks.m */,
			);
			path = "UIAlertView+Blocks";
			sourceTree = "<group>";
		};
		4530F1761A6F8AF90057DBC6 /* UIActionSheet+Blocks */ = {
			isa = PBXGroup;
			children = (
				4530F1771A6F8AF90057DBC6 /* UIActionSheet+Blocks.h */,
				4530F1781A6F8AF90057DBC6 /* UIActionSheet+Blocks.m */,
			);
			path = "UIActionSheet+Blocks";
			sourceTree = "<group>";
		};
		4530F17A1A6F8B150057DBC6 /* UIAlertController+Blocks */ = {
			isa = PBXGroup;
			children = (
				4530F17B1A6F8B150057DBC6 /* UIAlertController+Blocks.h */,
				4530F17C1A6F8B150057DBC6 /* UIAlertController+Blocks.m */,
			);
			path = "UIAlertController+Blocks";
			sourceTree = "<group>";
		};
		4538A37E1A839C2500CB7FE8 /* Models */ = {
			isa = PBXGroup;
			children = (
				45DA459C1A9AF32E00A88B26 /* GMEventsManager.h */,
				45DA459D1A9AF32E00A88B26 /* GMEventsManager.m */,
				45F24AB81AA6CE850098AC18 /* GMDismissSegue.h */,
				45F24AB91AA6CE850098AC18 /* GMDismissSegue.m */,
			);
			path = Models;
			sourceTree = "<group>";
		};
		4538A37F1A839C2500CB7FE8 /* Views */ = {
			isa = PBXGroup;
			children = (
				4538A3801A839C6D00CB7FE8 /* LaunchScreen.xib */,
				45F24AB31AA6C2600098AC18 /* GMVisualEffectsStoryboard.storyboard */,
			);
			path = Views;
			sourceTree = "<group>";
		};
		45C96C021A89D9F1000CD4A7 /* PLCrashReporter */ = {
			isa = PBXGroup;
			children = (
				45C96C1A1A89EDCE000CD4A7 /* CrashReporter-Readme.txt */,
				45C96C031A89D9F1000CD4A7 /* CrashReporter.framework */,
			);
			path = PLCrashReporter;
			sourceTree = "<group>";
		};
		45C96C051A89E70D000CD4A7 /* SuperLogger */ = {
			isa = PBXGroup;
			children = (
				45C96C061A89E70D000CD4A7 /* Resources */,
				45C96C0A1A89E70D000CD4A7 /* SuperLogerListView.h */,
				45C96C0B1A89E70D000CD4A7 /* SuperLogerListView.m */,
				45C96C0C1A89E70D000CD4A7 /* SuperLogger.h */,
				45C96C0D1A89E70D000CD4A7 /* SuperLogger.m */,
				45C96C0E1A89E70D000CD4A7 /* SuperLoggerFunctions.h */,
				45C96C0F1A89E70D000CD4A7 /* SuperLoggerFunctions.m */,
				45C96C101A89E70D000CD4A7 /* SuperLoggerPreviewView.h */,
				45C96C111A89E70D000CD4A7 /* SuperLoggerPreviewView.m */,
			);
			path = SuperLogger;
			sourceTree = "<group>";
		};
		45C96C061A89E70D000CD4A7 /* Resources */ = {
			isa = PBXGroup;
			children = (
				45C96C071A89E70D000CD4A7 /* SuperLogger.bundle */,
				45C96C081A89E70D000CD4A7 /* SLLocalizable.strings */,
			);
			path = Resources;
			sourceTree = "<group>";
		};
		45D866AB1A2DC3A0003345DA /* GMSnippets */ = {
			isa = PBXGroup;
			children = (
				45D866AC1A2DC3A0003345DA /* AppDelegate */,
				45D866AF1A2DC3A0003345DA /* Controllers */,
				4538A37E1A839C2500CB7FE8 /* Models */,
				4538A37F1A839C2500CB7FE8 /* Views */,
				45D9C17A1A91D175004A8824 /* Categories */,
				45D866B31A2DC3A0003345DA /* Helpers */,
				45D866DD1A2DC3A0003345DA /* Resources */,
				45D866E11A2DC3A0003345DA /* Supporting Files */,
			);
			path = GMSnippets;
			sourceTree = "<group>";
		};
		45D866AC1A2DC3A0003345DA /* AppDelegate */ = {
			isa = PBXGroup;
			children = (
				45D866AD1A2DC3A0003345DA /* GMAppDelegate.h */,
				45D866AE1A2DC3A0003345DA /* GMAppDelegate.m */,
			);
			path = AppDelegate;
			sourceTree = "<group>";
		};
		45D866AF1A2DC3A0003345DA /* Controllers */ = {
			isa = PBXGroup;
			children = (
				45D866B01A2DC3A0003345DA /* GMViewController.h */,
				45D866B11A2DC3A0003345DA /* GMViewController.m */,
				45D866B21A2DC3A0003345DA /* GMViewController.xib */,
				45D867011A2DCBF8003345DA /* GMMapViewController.h */,
				45D867021A2DCBF8003345DA /* GMMapViewController.m */,
				45D867031A2DCBF8003345DA /* GMMapViewController.xib */,
				45D867061A2DD313003345DA /* GMPrintViewController.h */,
				45D867071A2DD313003345DA /* GMPrintViewController.m */,
				45D867081A2DD313003345DA /* GMPrintViewController.xib */,
				45D8670F1A2DD626003345DA /* GMDocumentsViewController.h */,
				45D867101A2DD626003345DA /* GMDocumentsViewController.m */,
				45D867111A2DD626003345DA /* GMDocumentsViewController.xib */,
				4530F1641A6F7A800057DBC6 /* GMBarcodeScannerViewController.h */,
				4530F1651A6F7A800057DBC6 /* GMBarcodeScannerViewController.m */,
				4530F1661A6F7A800057DBC6 /* GMBarcodeScannerViewController.xib */,
				45C96BFD1A89D8E0000CD4A7 /* GMCrasherViewController.h */,
				45C96BFE1A89D8E0000CD4A7 /* GMCrasherViewController.m */,
				45C96C001A89D8F1000CD4A7 /* GMCrasherViewController.xib */,
				45D9C1721A91AF2A004A8824 /* GMCompassViewController.h */,
				45D9C1731A91AF2A004A8824 /* GMCompassViewController.m */,
				45D9C1741A91AF2A004A8824 /* GMCompassViewController.xib */,
				45D9C1771A91CA76004A8824 /* GMNavigationViewController.h */,
				45D9C1781A91CA76004A8824 /* GMNavigationViewController.m */,
				45DA45971A9AF30F00A88B26 /* GMEventsViewController.h */,
				45DA45981A9AF30F00A88B26 /* GMEventsViewController.m */,
				45DA45991A9AF30F00A88B26 /* GMEventsViewController.xib */,
				45F24AB01AA6C24A0098AC18 /* GMVisualEffectsViewController.h */,
				45F24AB11AA6C24A0098AC18 /* GMVisualEffectsViewController.m */,
				45F24ABB1AA6D10A0098AC18 /* GMSimpleVisualEffectViewController.h */,
				45F24ABC1AA6D10A0098AC18 /* GMSimpleVisualEffectViewController.m */,
				45F2405D1AA82E8E00489F10 /* GMSimpleVibrancyEffectViewController.h */,
				45F2405E1AA82E8E00489F10 /* GMSimpleVibrancyEffectViewController.m */,
				4517F11B1AA6E9AD00D68F3E /* GMStringsViewController.h */,
				4517F11C1AA6E9AD00D68F3E /* GMStringsViewController.m */,
				4517F11D1AA6E9AD00D68F3E /* GMStringsViewController.xib */,
			);
			path = Controllers;
			sourceTree = "<group>";
		};
		45D866B31A2DC3A0003345DA /* Helpers */ = {
			isa = PBXGroup;
			children = (
				45D9C17E1A91D767004A8824 /* CLLocationUtilities */,
				45C96C051A89E70D000CD4A7 /* SuperLogger */,
				45C96C021A89D9F1000CD4A7 /* PLCrashReporter */,
				45E37B221A775F33009D470E /* GMCollectionViewCell */,
				45E37B1E1A775F16009D470E /* BNRXIBCell */,
				4530F16E1A6F8A670057DBC6 /* RMUniversalAlert */,
				4530F1691A6F7ABF0057DBC6 /* Scanners */,
				45D8672B1A2DD896003345DA /* MBProgressHUD */,
				45D867141A2DD7C3003345DA /* TOWebViewController */,
				45D866B41A2DC3A0003345DA /* AFNetworking */,
				45D866C81A2DC3A0003345DA /* Reachability */,
				45D866CB1A2DC3A0003345DA /* UIKit+AFNetworking */,
			);
			path = Helpers;
			sourceTree = "<group>";
		};
		45D866B41A2DC3A0003345DA /* AFNetworking */ = {
			isa = PBXGroup;
			children = (
				45D866B51A2DC3A0003345DA /* AFHTTPRequestOperation.h */,
				45D866B61A2DC3A0003345DA /* AFHTTPRequestOperation.m */,
				45D866B71A2DC3A0003345DA /* AFHTTPRequestOperationManager.h */,
				45D866B81A2DC3A0003345DA /* AFHTTPRequestOperationManager.m */,
				45D866B91A2DC3A0003345DA /* AFHTTPSessionManager.h */,
				45D866BA1A2DC3A0003345DA /* AFHTTPSessionManager.m */,
				45D866BB1A2DC3A0003345DA /* AFNetworking.h */,
				45D866BC1A2DC3A0003345DA /* AFNetworkReachabilityManager.h */,
				45D866BD1A2DC3A0003345DA /* AFNetworkReachabilityManager.m */,
				45D866BE1A2DC3A0003345DA /* AFSecurityPolicy.h */,
				45D866BF1A2DC3A0003345DA /* AFSecurityPolicy.m */,
				45D866C01A2DC3A0003345DA /* AFURLConnectionOperation.h */,
				45D866C11A2DC3A0003345DA /* AFURLConnectionOperation.m */,
				45D866C21A2DC3A0003345DA /* AFURLRequestSerialization.h */,
				45D866C31A2DC3A0003345DA /* AFURLRequestSerialization.m */,
				45D866C41A2DC3A0003345DA /* AFURLResponseSerialization.h */,
				45D866C51A2DC3A0003345DA /* AFURLResponseSerialization.m */,
				45D866C61A2DC3A0003345DA /* AFURLSessionManager.h */,
				45D866C71A2DC3A0003345DA /* AFURLSessionManager.m */,
			);
			path = AFNetworking;
			sourceTree = "<group>";
		};
		45D866C81A2DC3A0003345DA /* Reachability */ = {
			isa = PBXGroup;
			children = (
				45D866C91A2DC3A0003345DA /* Reachability.h */,
				45D866CA1A2DC3A0003345DA /* Reachability.m */,
			);
			path = Reachability;
			sourceTree = "<group>";
		};
		45D866CB1A2DC3A0003345DA /* UIKit+AFNetworking */ = {
			isa = PBXGroup;
			children = (
				45D866CC1A2DC3A0003345DA /* AFNetworkActivityIndicatorManager.h */,
				45D866CD1A2DC3A0003345DA /* AFNetworkActivityIndicatorManager.m */,
				45D866CE1A2DC3A0003345DA /* UIActivityIndicatorView+AFNetworking.h */,
				45D866CF1A2DC3A0003345DA /* UIActivityIndicatorView+AFNetworking.m */,
				45D866D01A2DC3A0003345DA /* UIAlertView+AFNetworking.h */,
				45D866D11A2DC3A0003345DA /* UIAlertView+AFNetworking.m */,
				45D866D21A2DC3A0003345DA /* UIButton+AFNetworking.h */,
				45D866D31A2DC3A0003345DA /* UIButton+AFNetworking.m */,
				45D866D41A2DC3A0003345DA /* UIImageView+AFNetworking.h */,
				45D866D51A2DC3A0003345DA /* UIImageView+AFNetworking.m */,
				45D866D61A2DC3A0003345DA /* UIKit+AFNetworking.h */,
				45D866D71A2DC3A0003345DA /* UIProgressView+AFNetworking.h */,
				45D866D81A2DC3A0003345DA /* UIProgressView+AFNetworking.m */,
				45D866D91A2DC3A0003345DA /* UIRefreshControl+AFNetworking.h */,
				45D866DA1A2DC3A0003345DA /* UIRefreshControl+AFNetworking.m */,
				45D866DB1A2DC3A0003345DA /* UIWebView+AFNetworking.h */,
				45D866DC1A2DC3A0003345DA /* UIWebView+AFNetworking.m */,
			);
			path = "UIKit+AFNetworking";
			sourceTree = "<group>";
		};
		45D866DD1A2DC3A0003345DA /* Resources */ = {
			isa = PBXGroup;
			children = (
				45D866DE1A2DC3A0003345DA /* Images.xcassets */,
				45F2406C1AA837D400489F10 /* kapa_list_large.jpg */,
				45F2406D1AA837D400489F10 /* honma_list_large.jpg */,
				45D866DF1A2DC3A0003345DA /* Sample.jpg */,
				45D866E01A2DC3A0003345DA /* Sample.mov */,
			);
			path = Resources;
			sourceTree = "<group>";
		};
		45D866E11A2DC3A0003345DA /* Supporting Files */ = {
			isa = PBXGroup;
			children = (
				45D866E21A2DC3A0003345DA /* GMSnippets-Info.plist */,
				45D866E31A2DC3A0003345DA /* GMSnippets-Prefix.pch */,
				45D866E41A2DC3A0003345DA /* InfoPlist.strings */,
				45D866E51A2DC3A0003345DA /* main.m */,
			);
			path = "Supporting Files";
			sourceTree = "<group>";
		};
		45D867141A2DD7C3003345DA /* TOWebViewController */ = {
			isa = PBXGroup;
			children = (
				45D867151A2DD7C3003345DA /* TOWebViewControllerLocalizable.strings */,
				45D8671C1A2DD7C3003345DA /* TOActivityChrome.h */,
				45D8671D1A2DD7C3003345DA /* TOActivityChrome.m */,
				45D8671E1A2DD7C3003345DA /* TOActivitySafari.h */,
				45D8671F1A2DD7C3003345DA /* TOActivitySafari.m */,
				45D867201A2DD7C3003345DA /* TOWebViewController.h */,
				45D867211A2DD7C3003345DA /* TOWebViewController.m */,
				45D867221A2DD7C3003345DA /* UIImage+TOWebViewControllerIcons.h */,
				45D867231A2DD7C3003345DA /* UIImage+TOWebViewControllerIcons.m */,
			);
			path = TOWebViewController;
			sourceTree = "<group>";
		};
		45D8672B1A2DD896003345DA /* MBProgressHUD */ = {
			isa = PBXGroup;
			children = (
				45D8672C1A2DD896003345DA /* MBProgressHUD.h */,
				45D8672D1A2DD896003345DA /* MBProgressHUD.m */,
			);
			path = MBProgressHUD;
			sourceTree = "<group>";
		};
		45D9C17A1A91D175004A8824 /* Categories */ = {
			isa = PBXGroup;
			children = (
				45D9C17B1A91D19F004A8824 /* UIViewController+Utility.h */,
				45D9C17C1A91D19F004A8824 /* UIViewController+Utility.m */,
			);
			path = Categories;
			sourceTree = "<group>";
		};
		45D9C17E1A91D767004A8824 /* CLLocationUtilities */ = {
			isa = PBXGroup;
			children = (
				45D9C17F1A91D767004A8824 /* CLDegreesAndRadians.h */,
				45D9C1801A91D767004A8824 /* CLHeading+Formatted.h */,
				45D9C1811A91D767004A8824 /* CLHeading+Formatted.m */,
				45D9C1821A91D767004A8824 /* CLLocation+Bearing.h */,
				45D9C1831A91D767004A8824 /* CLLocation+Bearing.m */,
				45D9C1841A91D767004A8824 /* CLLocation+DecimalDegreesConversion.h */,
				45D9C1851A91D767004A8824 /* CLLocation+DecimalDegreesConversion.m */,
				45D9C1861A91D767004A8824 /* CLLocation+Degrees.h */,
				45D9C1871A91D767004A8824 /* CLLocation+Degrees.m */,
				45D9C1881A91D767004A8824 /* CLLocation+Direction.h */,
				45D9C1891A91D767004A8824 /* CLLocation+Direction.m */,
				45D9C18A1A91D767004A8824 /* CLLocation+Distance.h */,
				45D9C18B1A91D767004A8824 /* CLLocation+Distance.m */,
				45D9C18C1A91D767004A8824 /* CLLocation+EXIFGPS.h */,
				45D9C18D1A91D767004A8824 /* CLLocation+EXIFGPS.m */,
				45D9C18E1A91D767004A8824 /* CLLocation+UserInfo.h */,
				45D9C18F1A91D767004A8824 /* CLLocation+UserInfo.m */,
				45D9C1901A91D767004A8824 /* CLPlacemark+UserInfo.h */,
				45D9C1911A91D767004A8824 /* CLPlacemark+UserInfo.m */,
				45D9C1941A91D767004A8824 /* LLLocationManager.h */,
				45D9C1951A91D767004A8824 /* LLLocationManager.m */,
			);
			path = CLLocationUtilities;
			sourceTree = "<group>";
		};
		45E37B1E1A775F16009D470E /* BNRXIBCell */ = {
			isa = PBXGroup;
			children = (
				45E37B1F1A775F16009D470E /* BNRXIBCell.h */,
				45E37B201A775F16009D470E /* BNRXIBCell.m */,
			);
			path = BNRXIBCell;
			sourceTree = "<group>";
		};
		45E37B221A775F33009D470E /* GMCollectionViewCell */ = {
			isa = PBXGroup;
			children = (
				45E37B231A775F4B009D470E /* GMCollectionViewCell.h */,
				45E37B241A775F4B009D470E /* GMCollectionViewCell.m */,
			);
			path = GMCollectionViewCell;
			sourceTree = "<group>";
		};
		45FD138A198A08E700C5EA8C = {
			isa = PBXGroup;
			children = (
				4530F16D1A6F84320057DBC6 /* Read Me.txt */,
				45D866AB1A2DC3A0003345DA /* GMSnippets */,
				45FD1395198A08E700C5EA8C /* Frameworks */,
				45FD1394198A08E700C5EA8C /* Products */,
			);
			sourceTree = "<group>";
		};
		45FD1394198A08E700C5EA8C /* Products */ = {
			isa = PBXGroup;
			children = (
				45FD1393198A08E700C5EA8C /* GMSnippets.app */,
			);
			name = Products;
			sourceTree = "<group>";
		};
		45FD1395198A08E700C5EA8C /* Frameworks */ = {
			isa = PBXGroup;
			children = (
				45D9C1A11A91D86D004A8824 /* SenTestingKit.framework */,
				45C96C181A89E8A0000CD4A7 /* MessageUI.framework */,
				45D8670D1A2DD5F7003345DA /* CoreLocation.framework */,
				45D8670B1A2DD5F2003345DA /* MapKit.framework */,
				459A414A198F5B7000644F86 /* CoreTelephony.framework */,
				45FD1396198A08E700C5EA8C /* Foundation.framework */,
				45FD1398198A08E700C5EA8C /* CoreGraphics.framework */,
				45FD139A198A08E700C5EA8C /* UIKit.framework */,
			);
			name = Frameworks;
			sourceTree = "<group>";
		};
/* End PBXGroup section */

/* Begin PBXNativeTarget section */
		45FD1392198A08E700C5EA8C /* GMSnippets */ = {
			isa = PBXNativeTarget;
			buildConfigurationList = 45FD13C5198A08E800C5EA8C /* Build configuration list for PBXNativeTarget "GMSnippets" */;
			buildPhases = (
				45FD138F198A08E700C5EA8C /* Sources */,
				45FD1390198A08E700C5EA8C /* Frameworks */,
				45FD1391198A08E700C5EA8C /* Resources */,
			);
			buildRules = (
			);
			dependencies = (
			);
			name = GMSnippets;
			productName = GlobalSample;
			productReference = 45FD1393198A08E700C5EA8C /* GMSnippets.app */;
			productType = "com.apple.product-type.application";
		};
/* End PBXNativeTarget section */

/* Begin PBXProject section */
		45FD138B198A08E700C5EA8C /* Project object */ = {
			isa = PBXProject;
			attributes = {
				CLASSPREFIX = GM;
				LastUpgradeCheck = 0510;
				ORGANIZATIONNAME = Learning;
			};
			buildConfigurationList = 45FD138E198A08E700C5EA8C /* Build configuration list for PBXProject "GMSnippets" */;
			compatibilityVersion = "Xcode 3.2";
			developmentRegion = English;
			hasScannedForEncodings = 0;
			knownRegions = (
				en,
				Base,
				de,
				es,
				ja,
				ko,
				pl,
				"zh-Hans",
				"zh-Hant",
				"zh-CN",
			);
			mainGroup = 45FD138A198A08E700C5EA8C;
			productRefGroup = 45FD1394198A08E700C5EA8C /* Products */;
			projectDirPath = "";
			projectRoot = "";
			targets = (
				45FD1392198A08E700C5EA8C /* GMSnippets */,
			);
		};
/* End PBXProject section */

/* Begin PBXResourcesBuildPhase section */
		45FD1391198A08E700C5EA8C /* Resources */ = {
			isa = PBXResourcesBuildPhase;
			buildActionMask = 2147483647;
			files = (
				4530F1681A6F7A800057DBC6 /* GMBarcodeScannerViewController.xib in Resources */,
				45D866FD1A2DC3A0003345DA /* Sample.mov in Resources */,
				45D8670A1A2DD313003345DA /* GMPrintViewController.xib in Resources */,
				45F2406F1AA837D400489F10 /* honma_list_large.jpg in Resources */,
				45D867051A2DCBF8003345DA /* GMMapViewController.xib in Resources */,
				45C96C131A89E70D000CD4A7 /* SLLocalizable.strings in Resources */,
				45D9C1761A91AF2A004A8824 /* GMCompassViewController.xib in Resources */,
				45C96C1B1A89EDCE000CD4A7 /* CrashReporter-Readme.txt in Resources */,
				45D867261A2DD7C3003345DA /* TOWebViewControllerLocalizable.strings in Resources */,
				45DA459B1A9AF30F00A88B26 /* GMEventsViewController.xib in Resources */,
				45D867131A2DD626003345DA /* GMDocumentsViewController.xib in Resources */,
				45C96C121A89E70D000CD4A7 /* SuperLogger.bundle in Resources */,
				45D866FF1A2DC3A0003345DA /* InfoPlist.strings in Resources */,
				45C96C011A89D8F1000CD4A7 /* GMCrasherViewController.xib in Resources */,
				45D866E81A2DC3A0003345DA /* GMViewController.xib in Resources */,
				4517F11F1AA6E9AD00D68F3E /* GMStringsViewController.xib in Resources */,
				45F24AB41AA6C2600098AC18 /* GMVisualEffectsStoryboard.storyboard in Resources */,
				45F2406E1AA837D400489F10 /* kapa_list_large.jpg in Resources */,
				45D866FB1A2DC3A0003345DA /* Images.xcassets in Resources */,
				4538A3811A839C6D00CB7FE8 /* LaunchScreen.xib in Resources */,
				45D866FC1A2DC3A0003345DA /* Sample.jpg in Resources */,
			);
			runOnlyForDeploymentPostprocessing = 0;
		};
/* End PBXResourcesBuildPhase section */

/* Begin PBXSourcesBuildPhase section */
		45FD138F198A08E700C5EA8C /* Sources */ = {
			isa = PBXSourcesBuildPhase;
			buildActionMask = 2147483647;
			files = (
				4530F17D1A6F8B150057DBC6 /* UIAlertController+Blocks.m in Sources */,
				4530F1671A6F7A800057DBC6 /* GMBarcodeScannerViewController.m in Sources */,
				45D866EF1A2DC3A0003345DA /* AFURLRequestSerialization.m in Sources */,
				45D866F71A2DC3A0003345DA /* UIImageView+AFNetworking.m in Sources */,
				45D866EE1A2DC3A0003345DA /* AFURLConnectionOperation.m in Sources */,
				45E37B211A775F16009D470E /* BNRXIBCell.m in Sources */,
				45C96C141A89E70D000CD4A7 /* SuperLogerListView.m in Sources */,
				45D867271A2DD7C3003345DA /* TOActivityChrome.m in Sources */,
				45D866ED1A2DC3A0003345DA /* AFSecurityPolicy.m in Sources */,
				45D9C1751A91AF2A004A8824 /* GMCompassViewController.m in Sources */,
				4530F1751A6F8AD20057DBC6 /* UIAlertView+Blocks.m in Sources */,
				45D866F81A2DC3A0003345DA /* UIProgressView+AFNetworking.m in Sources */,
				45D866E91A2DC3A0003345DA /* AFHTTPRequestOperation.m in Sources */,
				45F24AB21AA6C24A0098AC18 /* GMVisualEffectsViewController.m in Sources */,
				45D9C17D1A91D19F004A8824 /* UIViewController+Utility.m in Sources */,
				4530F1801A6F8B720057DBC6 /* RMPopoverPresentationController.m in Sources */,
				45C96C161A89E70D000CD4A7 /* SuperLoggerFunctions.m in Sources */,
				45D866F11A2DC3A0003345DA /* AFURLSessionManager.m in Sources */,
				45D8672E1A2DD896003345DA /* MBProgressHUD.m in Sources */,
				45DA459E1A9AF32E00A88B26 /* GMEventsManager.m in Sources */,
				45C96C171A89E70D000CD4A7 /* SuperLoggerPreviewView.m in Sources */,
				45D866F01A2DC3A0003345DA /* AFURLResponseSerialization.m in Sources */,
				45D866F61A2DC3A0003345DA /* UIButton+AFNetworking.m in Sources */,
				45D9C1791A91CA76004A8824 /* GMNavigationViewController.m in Sources */,
				45F24ABA1AA6CE850098AC18 /* GMDismissSegue.m in Sources */,
				45D866F41A2DC3A0003345DA /* UIActivityIndicatorView+AFNetworking.m in Sources */,
				45D9C1A01A91D767004A8824 /* LLLocationManager.m in Sources */,
				45D866E71A2DC3A0003345DA /* GMViewController.m in Sources */,
				45D866F91A2DC3A0003345DA /* UIRefreshControl+AFNetworking.m in Sources */,
				45D866FA1A2DC3A0003345DA /* UIWebView+AFNetworking.m in Sources */,
				45D9C19B1A91D767004A8824 /* CLLocation+Distance.m in Sources */,
				45D9C1971A91D767004A8824 /* CLLocation+Bearing.m in Sources */,
				45F2405F1AA82E8E00489F10 /* GMSimpleVibrancyEffectViewController.m in Sources */,
				45D867041A2DCBF8003345DA /* GMMapViewController.m in Sources */,
				45D866EB1A2DC3A0003345DA /* AFHTTPSessionManager.m in Sources */,
				4530F1791A6F8AF90057DBC6 /* UIActionSheet+Blocks.m in Sources */,
				45D867091A2DD313003345DA /* GMPrintViewController.m in Sources */,
				45D9C1961A91D767004A8824 /* CLHeading+Formatted.m in Sources */,
				4517F11E1AA6E9AD00D68F3E /* GMStringsViewController.m in Sources */,
				45D866F51A2DC3A0003345DA /* UIAlertView+AFNetworking.m in Sources */,
				45DA459A1A9AF30F00A88B26 /* GMEventsViewController.m in Sources */,
				4530F16C1A6F7ABF0057DBC6 /* MTBBarcodeScanner.m in Sources */,
				45F24ABD1AA6D10A0098AC18 /* GMSimpleVisualEffectViewController.m in Sources */,
				45C96BFF1A89D8E0000CD4A7 /* GMCrasherViewController.m in Sources */,
				45E37B251A775F4B009D470E /* GMCollectionViewCell.m in Sources */,
				45D866EA1A2DC3A0003345DA /* AFHTTPRequestOperationManager.m in Sources */,
				45D9C1981A91D767004A8824 /* CLLocation+DecimalDegreesConversion.m in Sources */,
				45D9C19C1A91D767004A8824 /* CLLocation+EXIFGPS.m in Sources */,
				45D867281A2DD7C3003345DA /* TOActivitySafari.m in Sources */,
				45D866F31A2DC3A0003345DA /* AFNetworkActivityIndicatorManager.m in Sources */,
				45D867291A2DD7C3003345DA /* TOWebViewController.m in Sources */,
				45D9C19A1A91D767004A8824 /* CLLocation+Direction.m in Sources */,
				45D867121A2DD626003345DA /* GMDocumentsViewController.m in Sources */,
				45D866EC1A2DC3A0003345DA /* AFNetworkReachabilityManager.m in Sources */,
				45D9C1991A91D767004A8824 /* CLLocation+Degrees.m in Sources */,
				45C96C151A89E70D000CD4A7 /* SuperLogger.m in Sources */,
				45D866F21A2DC3A0003345DA /* Reachability.m in Sources */,
				45D8672A1A2DD7C3003345DA /* UIImage+TOWebViewControllerIcons.m in Sources */,
				4530F1711A6F8A670057DBC6 /* RMUniversalAlert.m in Sources */,
				45D867001A2DC3A0003345DA /* main.m in Sources */,
				45D9C19D1A91D767004A8824 /* CLLocation+UserInfo.m in Sources */,
				45D866E61A2DC3A0003345DA /* GMAppDelegate.m in Sources */,
				45D9C19E1A91D767004A8824 /* CLPlacemark+UserInfo.m in Sources */,
			);
			runOnlyForDeploymentPostprocessing = 0;
		};
/* End PBXSourcesBuildPhase section */

/* Begin PBXVariantGroup section */
		45C96C081A89E70D000CD4A7 /* SLLocalizable.strings */ = {
			isa = PBXVariantGroup;
			children = (
				45C96C091A89E70D000CD4A7 /* zh-CN */,
			);
			name = SLLocalizable.strings;
			sourceTree = "<group>";
		};
		45D867151A2DD7C3003345DA /* TOWebViewControllerLocalizable.strings */ = {
			isa = PBXVariantGroup;
			children = (
				45D867161A2DD7C3003345DA /* de */,
				45D867171A2DD7C3003345DA /* en */,
				45D867181A2DD7C3003345DA /* es */,
				45D867191A2DD7C3003345DA /* ja */,
				45D8671A1A2DD7C3003345DA /* ko */,
				45D8671B1A2DD7C3003345DA /* pl */,
				45D867241A2DD7C3003345DA /* zh-Hans */,
				45D867251A2DD7C3003345DA /* zh-Hant */,
			);
			name = TOWebViewControllerLocalizable.strings;
			sourceTree = "<group>";
		};
/* End PBXVariantGroup section */

/* Begin XCBuildConfiguration section */
		45FD13C3198A08E800C5EA8C /* Debug */ = {
			isa = XCBuildConfiguration;
			buildSettings = {
				ALWAYS_SEARCH_USER_PATHS = NO;
				CLANG_CXX_LANGUAGE_STANDARD = "gnu++0x";
				CLANG_CXX_LIBRARY = "libc++";
				CLANG_ENABLE_MODULES = YES;
				CLANG_ENABLE_OBJC_ARC = YES;
				CLANG_WARN_BOOL_CONVERSION = YES;
				CLANG_WARN_CONSTANT_CONVERSION = YES;
				CLANG_WARN_DIRECT_OBJC_ISA_USAGE = YES_ERROR;
				CLANG_WARN_EMPTY_BODY = YES;
				CLANG_WARN_ENUM_CONVERSION = YES;
				CLANG_WARN_INT_CONVERSION = YES;
				CLANG_WARN_OBJC_ROOT_CLASS = YES_ERROR;
				CLANG_WARN__DUPLICATE_METHOD_MATCH = YES;
				"CODE_SIGN_IDENTITY[sdk=iphoneos*]" = "iPhone Developer";
				COPY_PHASE_STRIP = NO;
				GCC_C_LANGUAGE_STANDARD = gnu99;
				GCC_DYNAMIC_NO_PIC = NO;
				GCC_OPTIMIZATION_LEVEL = 0;
				GCC_PREPROCESSOR_DEFINITIONS = (
					"DEBUG=1",
					"$(inherited)",
				);
				GCC_SYMBOLS_PRIVATE_EXTERN = NO;
				GCC_WARN_64_TO_32_BIT_CONVERSION = YES;
				GCC_WARN_ABOUT_RETURN_TYPE = YES_ERROR;
				GCC_WARN_UNDECLARED_SELECTOR = YES;
				GCC_WARN_UNINITIALIZED_AUTOS = YES_AGGRESSIVE;
				GCC_WARN_UNUSED_FUNCTION = YES;
				GCC_WARN_UNUSED_VARIABLE = YES;
				IPHONEOS_DEPLOYMENT_TARGET = 7.1;
				ONLY_ACTIVE_ARCH = YES;
				SDKROOT = iphoneos;
			};
			name = Debug;
		};
		45FD13C4198A08E800C5EA8C /* Release */ = {
			isa = XCBuildConfiguration;
			buildSettings = {
				ALWAYS_SEARCH_USER_PATHS = NO;
				CLANG_CXX_LANGUAGE_STANDARD = "gnu++0x";
				CLANG_CXX_LIBRARY = "libc++";
				CLANG_ENABLE_MODULES = YES;
				CLANG_ENABLE_OBJC_ARC = YES;
				CLANG_WARN_BOOL_CONVERSION = YES;
				CLANG_WARN_CONSTANT_CONVERSION = YES;
				CLANG_WARN_DIRECT_OBJC_ISA_USAGE = YES_ERROR;
				CLANG_WARN_EMPTY_BODY = YES;
				CLANG_WARN_ENUM_CONVERSION = YES;
				CLANG_WARN_INT_CONVERSION = YES;
				CLANG_WARN_OBJC_ROOT_CLASS = YES_ERROR;
				CLANG_WARN__DUPLICATE_METHOD_MATCH = YES;
				"CODE_SIGN_IDENTITY[sdk=iphoneos*]" = "iPhone Developer";
				COPY_PHASE_STRIP = YES;
				ENABLE_NS_ASSERTIONS = NO;
				GCC_C_LANGUAGE_STANDARD = gnu99;
				GCC_WARN_64_TO_32_BIT_CONVERSION = YES;
				GCC_WARN_ABOUT_RETURN_TYPE = YES_ERROR;
				GCC_WARN_UNDECLARED_SELECTOR = YES;
				GCC_WARN_UNINITIALIZED_AUTOS = YES_AGGRESSIVE;
				GCC_WARN_UNUSED_FUNCTION = YES;
				GCC_WARN_UNUSED_VARIABLE = YES;
				IPHONEOS_DEPLOYMENT_TARGET = 7.1;
				SDKROOT = iphoneos;
				VALIDATE_PRODUCT = YES;
			};
			name = Release;
		};
		45FD13C6198A08E800C5EA8C /* Debug */ = {
			isa = XCBuildConfiguration;
			buildSettings = {
				ASSETCATALOG_COMPILER_APPICON_NAME = AppIcon;
				ASSETCATALOG_COMPILER_LAUNCHIMAGE_NAME = LaunchImage;
				FRAMEWORK_SEARCH_PATHS = (
					"$(inherited)",
					"$(PROJECT_DIR)/GMSnippets/Helpers/PLCrashReporter",
					"$(DEVELOPER_FRAMEWORKS_DIR)",
				);
				GCC_PRECOMPILE_PREFIX_HEADER = YES;
				GCC_PREFIX_HEADER = "GMSnippets/Supporting Files/GMSnippets-Prefix.pch";
				INFOPLIST_FILE = "$(SRCROOT)/GMSnippets/Supporting Files/GMSnippets-Info.plist";
				IPHONEOS_DEPLOYMENT_TARGET = 8.0;
				PRODUCT_NAME = GMSnippets;
				WRAPPER_EXTENSION = app;
			};
			name = Debug;
		};
		45FD13C7198A08E800C5EA8C /* Release */ = {
			isa = XCBuildConfiguration;
			buildSettings = {
				ASSETCATALOG_COMPILER_APPICON_NAME = AppIcon;
				ASSETCATALOG_COMPILER_LAUNCHIMAGE_NAME = LaunchImage;
				FRAMEWORK_SEARCH_PATHS = (
					"$(inherited)",
					"$(PROJECT_DIR)/GMSnippets/Helpers/PLCrashReporter",
					"$(DEVELOPER_FRAMEWORKS_DIR)",
				);
				GCC_PRECOMPILE_PREFIX_HEADER = YES;
				GCC_PREFIX_HEADER = "GMSnippets/Supporting Files/GMSnippets-Prefix.pch";
				INFOPLIST_FILE = "$(SRCROOT)/GMSnippets/Supporting Files/GMSnippets-Info.plist";
				IPHONEOS_DEPLOYMENT_TARGET = 8.0;
				PRODUCT_NAME = GMSnippets;
				WRAPPER_EXTENSION = app;
			};
			name = Release;
		};
/* End XCBuildConfiguration section */

/* Begin XCConfigurationList section */
		45FD138E198A08E700C5EA8C /* Build configuration list for PBXProject "GMSnippets" */ = {
			isa = XCConfigurationList;
			buildConfigurations = (
				45FD13C3198A08E800C5EA8C /* Debug */,
				45FD13C4198A08E800C5EA8C /* Release */,
			);
			defaultConfigurationIsVisible = 0;
			defaultConfigurationName = Release;
		};
		45FD13C5198A08E800C5EA8C /* Build configuration list for PBXNativeTarget "GMSnippets" */ = {
			isa = XCConfigurationList;
			buildConfigurations = (
				45FD13C6198A08E800C5EA8C /* Debug */,
				45FD13C7198A08E800C5EA8C /* Release */,
			);
			defaultConfigurationIsVisible = 0;
			defaultConfigurationName = Release;
		};
/* End XCConfigurationList section */
	};
	rootObject = 45FD138B198A08E700C5EA8C /* Project object */;
}
